# THIS IS AN AUTOGENERATED FILE. DO NOT EDIT THIS FILE DIRECTLY.
# yarn lockfile v1


"@myntra/uikit-can-i-use@1.13.*":
  version "1.13.96"
  resolved "https://registry.yarnpkg.com/@myntra/uikit-can-i-use/-/uikit-can-i-use-1.13.96.tgz#9c97d06cf509d5e975853efbebed833a6e4fa1fb"
  integrity sha512-46q1tHG1oefgbmOT7WJZLQjpHtrSLKRaS12bMxK9eK0Au/6LCj2iuxWpSFUXo3HpPagIVOVCYXO+h6pm/Z2/5A==
  optionalDependencies:
    react "^16.8.4"
    react-dom "^16.8.4"

"@myntra/uikit-component-button@1.13.*":
  version "1.13.96"
  resolved "https://registry.yarnpkg.com/@myntra/uikit-component-button/-/uikit-component-button-1.13.96.tgz#d942ce72bbee5fc766f048f1c5725b808d77cce0"
  integrity sha512-CDz9riSF6pHO8moZU6RcTDBGnoivduVTvZ5IenMoYgcss/n2bUcmZlEBtgTZKx8XoD9076ffIUXkwnd5BEKhow==
  dependencies:
    "@myntra/uikit-can-i-use" "1.13.*"
    "@myntra/uikit-component-icon" "1.13.*"
    "@myntra/uikit-component-loader" "1.13.*"
    "@myntra/uikit-component-text" "1.13.*"
    "@myntra/uikit-context" "1.13.*"
    "@myntra/uikit-utils" "1.13.*"
    uikit-icons "npm:@myntra/uikit-icons@latest"
  optionalDependencies:
    react ">=15.4"

"@myntra/uikit-component-icon@1.13.*":
  version "1.13.96"
  resolved "https://registry.yarnpkg.com/@myntra/uikit-component-icon/-/uikit-component-icon-1.13.96.tgz#2853d5a3c7ce0054a3f6ef80ea118d67933ca98a"
  integrity sha512-7t7ySnzLEJM/GPd7Cwt/o1BPD9vPAyLLy0W5VwC902PLVUu7O05eVwdAyNvqE0RHvcZGXOy+EZV+o5fgP7QFrw==
  dependencies:
    "@myntra/uikit-can-i-use" "1.13.*"
    "@myntra/uikit-utils" "1.13.*"
    uikit-icons "npm:@myntra/uikit-icons@latest"
  optionalDependencies:
    react ">=15.4"

"@myntra/uikit-component-input-file@1.13.*":
  version "1.13.96"
  resolved "https://registry.yarnpkg.com/@myntra/uikit-component-input-file/-/uikit-component-input-file-1.13.96.tgz#c6dd63f672b689393395d47eb6a8c746a44501f8"
  integrity sha512-nPpmpW22Febbw4u0sqISvpheZAGK7QVe76u07qFFP8ggB+d02Qa2XGay0hzKhqKz1Gvi4E+PU2uraI2cU7gpvw==
  dependencies:
    "@myntra/uikit-component-button" "1.13.*"
    "@myntra/uikit-component-input-text" "1.13.*"
    "@myntra/uikit-utils" "1.13.*"
    uikit-icons "npm:@myntra/uikit-icons@latest"
  optionalDependencies:
    react ">=15.4"

"@myntra/uikit-component-input-text@1.13.*":
  version "1.13.96"
  resolved "https://registry.yarnpkg.com/@myntra/uikit-component-input-text/-/uikit-component-input-text-1.13.96.tgz#6c2793a56ea963a620b6941b1ee0497d3b96644d"
  integrity sha512-3l/GBi8Cg7sxMqW5GRM/XCPum8ADoRVfKW+HoFcWvFfJaY7SGaaMgYUsnvPEtM/UliGTT2GgjEIpk1h4NPFwgw==
  dependencies:
    "@myntra/uikit-can-i-use" "1.13.*"
    "@myntra/uikit-component-icon" "1.13.*"
    "@myntra/uikit-utils" "1.13.*"
    uikit-icons "npm:@myntra/uikit-icons@latest"
  optionalDependencies:
    react ">=15.4"

"@myntra/uikit-component-loader@1.13.*":
  version "1.13.96"
  resolved "https://registry.yarnpkg.com/@myntra/uikit-component-loader/-/uikit-component-loader-1.13.96.tgz#7d74a78654e7dfc66d9b01a9d523b107f371e4bb"
  integrity sha512-c9uM0U841gAcNcPApEFAH8N+8l/tE6g28cP/3iKXI7xBnbj3K8D9ggsMn7lv/lUBiqmtHyo7wKwm6guLQuxPeQ==
  dependencies:
    "@myntra/uikit-can-i-use" "1.13.*"
    "@myntra/uikit-utils" "1.13.*"
    uikit-icons "npm:@myntra/uikit-icons@latest"
  optionalDependencies:
    react ">=15.4"

"@myntra/uikit-component-progress@1.13.*":
  version "1.13.96"
  resolved "https://registry.yarnpkg.com/@myntra/uikit-component-progress/-/uikit-component-progress-1.13.96.tgz#7b102bb6596294a29f515bc4cec47a0c8050846d"
  integrity sha512-K+Q1BsgRvhAL3iSLj2rvwpqGxgOqwtsOnOMtojML4RITHAdaWDATIDzBCWBh62VwouB0TpXmnV8vMRBJEtpwSQ==
  dependencies:
    "@myntra/uikit-can-i-use" "1.13.*"
    "@myntra/uikit-component-text" "1.13.*"
    "@myntra/uikit-utils" "1.13.*"
    uikit-icons "npm:@myntra/uikit-icons@latest"
  optionalDependencies:
    react ">=15.4"

"@myntra/uikit-component-text@1.13.*":
  version "1.13.96"
  resolved "https://registry.yarnpkg.com/@myntra/uikit-component-text/-/uikit-component-text-1.13.96.tgz#529a4057c275d457671c4dfe8172eccef62d22ce"
  integrity sha512-RrAQGFvPOknngZ5epuozFhNhcfPY4uUr0CC4QU0Ao8bz09NebTaEUppnb8VEG7PBHS8LMQ4JvrSevX9OruCGSg==
  dependencies:
    "@myntra/uikit-utils" "1.13.*"
    uikit-icons "npm:@myntra/uikit-icons@latest"
  optionalDependencies:
    react ">=15.4"

"@myntra/uikit-context@1.13.*":
  version "1.13.96"
  resolved "https://registry.yarnpkg.com/@myntra/uikit-context/-/uikit-context-1.13.96.tgz#4d02d7efac42f661b33e97f7c453d5f5fba09cf6"
  integrity sha512-yQ4IykzgX033sK/EFnDxX6xZ7R35VSzH5R7jviLk4WwsnlixJwxDP79ruOmBsTO0waHJiJllK8E4uMKSjs/eiA==
  dependencies:
    "@myntra/uikit-can-i-use" "1.13.*"
    react "^16.8.4"

"@myntra/uikit-utils@1.13.*":
  version "1.13.96"
  resolved "https://registry.yarnpkg.com/@myntra/uikit-utils/-/uikit-utils-1.13.96.tgz#d8bafb6fc9070796616e7a6417d11d94923b1a69"
  integrity sha512-Cg7S9FdpSKoVQvqF/f7bJfm0xTLn+SqCyg70oJsMxML0ASzEbEeM2En0MLPkb6CptvnGf6JiDnPao8b8oI6xTg==
  optionalDependencies:
    react "^16.0.0"

"@types/prop-types@*":
  version "15.7.5"
  resolved "https://registry.yarnpkg.com/@types/prop-types/-/prop-types-15.7.5.tgz#5f19d2b85a98e9558036f6a3cacc8819420f05cf"
  integrity sha512-JCB8C6SnDoQf0cNycqd/35A7MjcnK+ZTqE7judS6o7utxUCg6imJg3QK2qzHKszlTjcj2cn+NwMB2i96ubpj7w==

"@types/react@^16.8":
  version "16.14.34"
  resolved "https://registry.yarnpkg.com/@types/react/-/react-16.14.34.tgz#d129324ffda312044e1c47aab18696e4ed493282"
  integrity sha512-b99nWeGGReLh6aKBppghVqp93dFJtgtDOzc8NXM6hewD8PQ2zZG5kBLgbx+VJr7Q7WBMjHxaIl3dwpwwPIUgyA==
  dependencies:
    "@types/prop-types" "*"
    "@types/scheduler" "*"
    csstype "^3.0.2"

"@types/scheduler@*":
  version "0.16.2"
  resolved "https://registry.yarnpkg.com/@types/scheduler/-/scheduler-0.16.2.tgz#1a62f89525723dde24ba1b01b092bf5df8ad4d39"
  integrity sha512-hppQEBDmlwhFAXKJX2KnWLYu5yMfi91yazPb2l+lbJiwW+wdo1gNeRA+3RgNSO39WYX2euey41KEwnqesU2Jew==

csstype@^3.0.2:
  version "3.1.1"
  resolved "https://registry.yarnpkg.com/csstype/-/csstype-3.1.1.tgz#841b532c45c758ee546a11d5bd7b7b473c8c30b9"
  integrity sha512-DJR/VvkAvSZW9bTouZue2sSxDwdTN92uHjqeKVm+0dAqdfNykRzQ95tay8aXMBAAPpUiq4Qcug2L7neoRh2Egw==

"js-tokens@^3.0.0 || ^4.0.0":
  version "4.0.0"
  resolved "https://registry.yarnpkg.com/js-tokens/-/js-tokens-4.0.0.tgz#19203fb59991df98e3a287050d4647cdeaf32499"
  integrity sha512-RdJUflcE3cUzKiMqQgsCu06FPu9UdIJO0beYbPhHN4k6apgJtifcoCtT9bcxOpYBtpD2kCM6Sbzg4CausW/PKQ==

loose-envify@^1.1.0, loose-envify@^1.4.0:
  version "1.4.0"
  resolved "https://registry.yarnpkg.com/loose-envify/-/loose-envify-1.4.0.tgz#71ee51fa7be4caec1a63839f7e682d8132d30caf"
  integrity sha512-lyuxPGr/Wfhrlem2CL/UcnUc1zcqKAImBDzukY7Y5F/yQiNdko6+fRLevlw1HgMySw7f611UIY408EtxRSoK3Q==
  dependencies:
    js-tokens "^3.0.0 || ^4.0.0"

object-assign@^4.1.1:
  version "4.1.1"
  resolved "https://registry.yarnpkg.com/object-assign/-/object-assign-4.1.1.tgz#2109adc7965887cfc05cbbd442cac8bfbb360863"
  integrity sha1-IQmtx5ZYh8/AXLvUQsrIv7s2CGM=

prop-types@^15.6.2:
  version "15.8.1"
  resolved "https://registry.yarnpkg.com/prop-types/-/prop-types-15.8.1.tgz#67d87bf1a694f48435cf332c24af10214a3140b5"
  integrity sha512-oj87CgZICdulUohogVAR7AjlC0327U4el4L6eAvOqCeudMDVU0NThNaV+b9Df4dXgSP1gXMTnPdhfe/2qDH5cg==
  dependencies:
    loose-envify "^1.4.0"
    object-assign "^4.1.1"
    react-is "^16.13.1"

react-dom@^16.8.4:
  version "16.14.0"
  resolved "https://registry.yarnpkg.com/react-dom/-/react-dom-16.14.0.tgz#7ad838ec29a777fb3c75c3a190f661cf92ab8b89"
  integrity sha512-1gCeQXDLoIqMgqD3IO2Ah9bnf0w9kzhwN5q4FGnHZ67hBm9yePzB5JJAIQCc8x3pFnNlwFq4RidZggNAAkzWWw==
  dependencies:
    loose-envify "^1.1.0"
    object-assign "^4.1.1"
    prop-types "^15.6.2"
    scheduler "^0.19.1"

react-is@^16.13.1:
  version "16.13.1"
  resolved "https://registry.yarnpkg.com/react-is/-/react-is-16.13.1.tgz#789729a4dc36de2999dc156dd6c1d9c18cea56a4"
  integrity sha512-24e6ynE2H+OKt4kqsOvNd8kBpV65zoxbA4BVsEOB3ARVWQki/DHzaUoC5KuON/BiccDaCCTZBuOcfZs70kR8bQ==

react@>=15.4:
  version "18.2.0"
  resolved "https://registry.yarnpkg.com/react/-/react-18.2.0.tgz#555bd98592883255fa00de14f1151a917b5d77d5"
  integrity sha512-/3IjMdb2L9QbBdWiW5e3P2/npwMBaU9mHCSCUzNln0ZCYbcfTsGbTJrU/kGemdH2IWmB2ioZ+zkxtmq6g09fGQ==
  dependencies:
    loose-envify "^1.1.0"

react@^16.0.0, react@^16.8.4:
  version "16.14.0"
  resolved "https://registry.yarnpkg.com/react/-/react-16.14.0.tgz#94d776ddd0aaa37da3eda8fc5b6b18a4c9a3114d"
  integrity sha512-0X2CImDkJGApiAlcf0ODKIneSwBPhqJawOa5wCtKbu7ZECrmS26NvtSILynQ66cgkT/RJ4LidJOc3bUESwmU8g==
  dependencies:
    loose-envify "^1.1.0"
    object-assign "^4.1.1"
    prop-types "^15.6.2"

scheduler@^0.19.1:
  version "0.19.1"
  resolved "https://registry.yarnpkg.com/scheduler/-/scheduler-0.19.1.tgz#4f3e2ed2c1a7d65681f4c854fa8c5a1ccb40f196"
  integrity sha512-n/zwRWRYSUj0/3g/otKDRPMh6qv2SYMWNq85IEa8iZyAv8od9zDYpGSnpBEjNgcMNq6Scbu5KfIPxNF72R/2EA==
  dependencies:
    loose-envify "^1.1.0"
    object-assign "^4.1.1"

"uikit-icons@npm:@myntra/uikit-icons@latest":
  version "1.0.37"
  resolved "https://registry.yarnpkg.com/@myntra/uikit-icons/-/uikit-icons-1.0.37.tgz#b3c972d9f153cd1d8c700f9c04c83f061d1fc571"
  integrity sha512-NaPFATvEjABd5zHC54G7lKquAFSxYP22AnfbwWoz4Npzv5WN5QwAr1d5grbMDIKjA2Sdqxi2K8g2XZR3X93W1g==
  optionalDependencies:
    react ">=15.4"
