{
  "name": "@myntra/uikit-component-input-text-area",
  "version": "1.13.96",
  "lockfileVersion": 1,
  "requires": true,
  "dependencies": {
    "@myntra/uikit-can-i-use": {
      "version": "1.13.96",
      "requires": {
        "react": "*",
        "react-dom": "*"
      },
      "dependencies": {
        "@types/react": {
          "requires": {
            "@types/prop-types": "*",
            "@types/scheduler": "*",
            "csstype": "^3.0.2"
          },
          "dependencies": {
            "@types/prop-types": {
              "version": "15.7.5",
              "resolved": "https://registry.npmjs.org/@types/prop-types/-/prop-types-15.7.5.tgz",
              "integrity": "sha512-JCB8C6SnDoQf0cNycqd/35A7MjcnK+ZTqE7judS6o7utxUCg6imJg3QK2qzHKszlTjcj2cn+NwMB2i96ubpj7w=="
            },
            "@types/scheduler": {
              "version": "0.16.2",
              "resolved": "https://registry.npmjs.org/@types/scheduler/-/scheduler-0.16.2.tgz",
              "integrity": "sha512-hppQEBDmlwhFAXKJX2KnWLYu5yMfi91yazPb2l+lbJiwW+wdo1gNeRA+3RgNSO39WYX2euey41KEwnqesU2Jew=="
            },
            "csstype": {
              "version": "3.1.0",
              "resolved": "https://registry.npmjs.org/csstype/-/csstype-3.1.0.tgz",
              "integrity": "sha512-uX1KG+x9h5hIJsaKR9xHUeUraxf8IODOwq9JLNPq6BwB04a/xgpq3rcx47l5BZu5zBPlgD342tdke3Hom/nJRA=="
            }
          }
        },
        "@types/react-dom": {},
        "react": {
          "version": "17.0.2",
          "optional": true,
          "requires": {
            "loose-envify": "^1.1.0",
            "object-assign": "^4.1.1"
          },
          "dependencies": {
            "js-tokens": {
              "version": "4.0.0",
              "resolved": "https://registry.npmjs.org/js-tokens/-/js-tokens-4.0.0.tgz",
              "integrity": "sha512-RdJUflcE3cUzKiMqQgsCu06FPu9UdIJO0beYbPhHN4k6apgJtifcoCtT9bcxOpYBtpD2kCM6Sbzg4CausW/PKQ==",
              "optional": true
            },
            "loose-envify": {
              "version": "1.4.0",
              "resolved": "https://registry.npmjs.org/loose-envify/-/loose-envify-1.4.0.tgz",
              "integrity": "sha512-lyuxPGr/Wfhrlem2CL/UcnUc1zcqKAImBDzukY7Y5F/yQiNdko6+fRLevlw1HgMySw7f611UIY408EtxRSoK3Q==",
              "optional": true,
              "requires": {
                "js-tokens": "^3.0.0 || ^4.0.0"
              }
            },
            "object-assign": {
              "version": "4.1.1",
              "resolved": "https://registry.npmjs.org/object-assign/-/object-assign-4.1.1.tgz",
              "integrity": "sha512-rJgTQnkUnH1sFw8yT6VSU3zD3sWmu6sZhIseY8VX+GRu3P6F7Fu+JNDoXfklElbLJSnc3FUQHVe4cU5hj+BcUg==",
              "optional": true
            }
          }
        },
        "react-dom": {
          "version": "17.0.2",
          "optional": true,
          "requires": {
            "loose-envify": "^1.1.0",
            "object-assign": "^4.1.1",
            "scheduler": "^0.20.2"
          },
          "dependencies": {
            "js-tokens": {
              "version": "4.0.0",
              "resolved": "https://registry.npmjs.org/js-tokens/-/js-tokens-4.0.0.tgz",
              "integrity": "sha512-RdJUflcE3cUzKiMqQgsCu06FPu9UdIJO0beYbPhHN4k6apgJtifcoCtT9bcxOpYBtpD2kCM6Sbzg4CausW/PKQ==",
              "optional": true
            },
            "loose-envify": {
              "version": "1.4.0",
              "resolved": "https://registry.npmjs.org/loose-envify/-/loose-envify-1.4.0.tgz",
              "integrity": "sha512-lyuxPGr/Wfhrlem2CL/UcnUc1zcqKAImBDzukY7Y5F/yQiNdko6+fRLevlw1HgMySw7f611UIY408EtxRSoK3Q==",
              "optional": true,
              "requires": {
                "js-tokens": "^3.0.0 || ^4.0.0"
              }
            },
            "object-assign": {
              "version": "4.1.1",
              "resolved": "https://registry.npmjs.org/object-assign/-/object-assign-4.1.1.tgz",
              "integrity": "sha512-rJgTQnkUnH1sFw8yT6VSU3zD3sWmu6sZhIseY8VX+GRu3P6F7Fu+JNDoXfklElbLJSnc3FUQHVe4cU5hj+BcUg==",
              "optional": true
            },
            "scheduler": {
              "version": "0.20.2",
              "resolved": "https://registry.npmjs.org/scheduler/-/scheduler-0.20.2.tgz",
              "integrity": "sha512-2eWfGgAqqWFGqtdMmcL5zCMK1U8KlXv8SQFGglL3CEtd0aDVDWgeF/YoCmvln55m5zSk3J/20hTaSBeSObsQDQ==",
              "optional": true,
              "requires": {
                "loose-envify": "^1.1.0",
                "object-assign": "^4.1.1"
              }
            }
          }
        }
      }
    },
    "@myntra/uikit-component-input-text": {
      "version": "1.13.96",
      "requires": {
        "@myntra/uikit-can-i-use": "1.13.*",
        "@myntra/uikit-component-icon": "1.13.*",
        "@myntra/uikit-utils": "1.13.*",
        "react": ">=15.4"
      },
      "dependencies": {
        "@myntra/uikit-can-i-use": {
          "version": "1.13.96",
          "requires": {
            "react": "*",
            "react-dom": "*"
          },
          "dependencies": {
            "@types/react": {
              "requires": {
                "@types/prop-types": "*",
                "@types/scheduler": "*",
                "csstype": "^3.0.2"
              },
              "dependencies": {}
            },
            "@types/react-dom": {},
            "react": {
              "version": "17.0.2",
              "optional": true,
              "requires": {
                "loose-envify": "^1.1.0",
                "object-assign": "^4.1.1"
              },
              "dependencies": {}
            },
            "react-dom": {
              "version": "17.0.2",
              "optional": true,
              "requires": {
                "loose-envify": "^1.1.0",
                "object-assign": "^4.1.1",
                "scheduler": "^0.20.2"
              },
              "dependencies": {}
            }
          }
        },
        "@myntra/uikit-component-icon": {
          "version": "1.13.96",
          "requires": {
            "@myntra/uikit-can-i-use": "1.13.*",
            "@myntra/uikit-utils": "1.13.*",
            "react": ">=15.4"
          },
          "dependencies": {
            "@myntra/svg": {
              "requires": {
                "svg-parser": "^1.0.5"
              },
              "dependencies": {
                "svg-parser": {
                  "version": "1.0.6"
                }
              }
            },
            "@myntra/uikit-can-i-use": {
              "version": "1.13.96",
              "requires": {
                "react": "*",
                "react-dom": "*"
              },
              "dependencies": {
                "@types/react": {
                  "requires": {
                    "@types/prop-types": "*",
                    "@types/scheduler": "*",
                    "csstype": "^3.0.2"
                  },
                  "dependencies": {}
                },
                "@types/react-dom": {},
                "react": {
                  "version": "17.0.2",
                  "optional": true,
                  "requires": {
                    "loose-envify": "^1.1.0",
                    "object-assign": "^4.1.1"
                  },
                  "dependencies": {}
                },
                "react-dom": {
                  "version": "17.0.2",
                  "optional": true,
                  "requires": {
                    "loose-envify": "^1.1.0",
                    "object-assign": "^4.1.1",
                    "scheduler": "^0.20.2"
                  },
                  "dependencies": {}
                }
              }
            },
            "@myntra/uikit-utils": {
              "version": "1.13.96",
              "requires": {
                "react": "^16.0.0"
              },
              "dependencies": {
                "@types/react": {
                  "requires": {
                    "@types/prop-types": "*",
                    "@types/scheduler": "*",
                    "csstype": "^3.0.2"
                  },
                  "dependencies": {
                    "@types/prop-types": {
                      "version": "15.7.5",
                      "resolved": "https://registry.npmjs.org/@types/prop-types/-/prop-types-15.7.5.tgz",
                      "integrity": "sha512-JCB8C6SnDoQf0cNycqd/35A7MjcnK+ZTqE7judS6o7utxUCg6imJg3QK2qzHKszlTjcj2cn+NwMB2i96ubpj7w=="
                    },
                    "@types/scheduler": {
                      "version": "0.16.2",
                      "resolved": "https://registry.npmjs.org/@types/scheduler/-/scheduler-0.16.2.tgz",
                      "integrity": "sha512-hppQEBDmlwhFAXKJX2KnWLYu5yMfi91yazPb2l+lbJiwW+wdo1gNeRA+3RgNSO39WYX2euey41KEwnqesU2Jew=="
                    },
                    "csstype": {
                      "version": "3.1.0",
                      "resolved": "https://registry.npmjs.org/csstype/-/csstype-3.1.0.tgz",
                      "integrity": "sha512-uX1KG+x9h5hIJsaKR9xHUeUraxf8IODOwq9JLNPq6BwB04a/xgpq3rcx47l5BZu5zBPlgD342tdke3Hom/nJRA=="
                    }
                  }
                },
                "react": {
                  "version": "16.14.0",
                  "optional": true,
                  "requires": {
                    "loose-envify": "^1.1.0",
                    "object-assign": "^4.1.1",
                    "prop-types": "^15.6.2"
                  },
                  "dependencies": {
                    "js-tokens": {
                      "version": "4.0.0",
                      "resolved": "https://registry.npmjs.org/js-tokens/-/js-tokens-4.0.0.tgz",
                      "integrity": "sha512-RdJUflcE3cUzKiMqQgsCu06FPu9UdIJO0beYbPhHN4k6apgJtifcoCtT9bcxOpYBtpD2kCM6Sbzg4CausW/PKQ==",
                      "optional": true
                    },
                    "loose-envify": {
                      "version": "1.4.0",
                      "resolved": "https://registry.npmjs.org/loose-envify/-/loose-envify-1.4.0.tgz",
                      "integrity": "sha512-lyuxPGr/Wfhrlem2CL/UcnUc1zcqKAImBDzukY7Y5F/yQiNdko6+fRLevlw1HgMySw7f611UIY408EtxRSoK3Q==",
                      "optional": true,
                      "requires": {
                        "js-tokens": "^3.0.0 || ^4.0.0"
                      }
                    },
                    "object-assign": {
                      "version": "4.1.1",
                      "resolved": "https://registry.npmjs.org/object-assign/-/object-assign-4.1.1.tgz",
                      "integrity": "sha512-rJgTQnkUnH1sFw8yT6VSU3zD3sWmu6sZhIseY8VX+GRu3P6F7Fu+JNDoXfklElbLJSnc3FUQHVe4cU5hj+BcUg==",
                      "optional": true
                    },
                    "prop-types": {
                      "version": "15.8.1",
                      "resolved": "https://registry.npmjs.org/prop-types/-/prop-types-15.8.1.tgz",
                      "integrity": "sha512-oj87CgZICdulUohogVAR7AjlC0327U4el4L6eAvOqCeudMDVU0NThNaV+b9Df4dXgSP1gXMTnPdhfe/2qDH5cg==",
                      "optional": true,
                      "requires": {
                        "loose-envify": "^1.4.0",
                        "object-assign": "^4.1.1",
                        "react-is": "^16.13.1"
                      }
                    },
                    "react-is": {
                      "version": "16.13.1",
                      "resolved": "https://registry.npmjs.org/react-is/-/react-is-16.13.1.tgz",
                      "integrity": "sha512-24e6ynE2H+OKt4kqsOvNd8kBpV65zoxbA4BVsEOB3ARVWQki/DHzaUoC5KuON/BiccDaCCTZBuOcfZs70kR8bQ==",
                      "optional": true
                    }
                  }
                }
              }
            },
            "@types/react": {
              "requires": {
                "@types/prop-types": "*",
                "@types/scheduler": "*",
                "csstype": "^3.0.2"
              },
              "dependencies": {
                "@types/prop-types": {
                  "version": "15.7.5",
                  "resolved": "https://registry.npmjs.org/@types/prop-types/-/prop-types-15.7.5.tgz",
                  "integrity": "sha512-JCB8C6SnDoQf0cNycqd/35A7MjcnK+ZTqE7judS6o7utxUCg6imJg3QK2qzHKszlTjcj2cn+NwMB2i96ubpj7w=="
                },
                "@types/scheduler": {
                  "version": "0.16.2",
                  "resolved": "https://registry.npmjs.org/@types/scheduler/-/scheduler-0.16.2.tgz",
                  "integrity": "sha512-hppQEBDmlwhFAXKJX2KnWLYu5yMfi91yazPb2l+lbJiwW+wdo1gNeRA+3RgNSO39WYX2euey41KEwnqesU2Jew=="
                },
                "csstype": {
                  "version": "3.1.0",
                  "resolved": "https://registry.npmjs.org/csstype/-/csstype-3.1.0.tgz",
                  "integrity": "sha512-uX1KG+x9h5hIJsaKR9xHUeUraxf8IODOwq9JLNPq6BwB04a/xgpq3rcx47l5BZu5zBPlgD342tdke3Hom/nJRA=="
                }
              }
            },
            "@znck/promised": {},
            "glob": {},
            "lodash.camelcase": {},
            "prettier": {},
            "react": {
              "version": "17.0.2",
              "optional": true,
              "requires": {
                "loose-envify": "^1.1.0",
                "object-assign": "^4.1.1"
              },
              "dependencies": {
                "js-tokens": {
                  "version": "4.0.0",
                  "resolved": "https://registry.npmjs.org/js-tokens/-/js-tokens-4.0.0.tgz",
                  "integrity": "sha512-RdJUflcE3cUzKiMqQgsCu06FPu9UdIJO0beYbPhHN4k6apgJtifcoCtT9bcxOpYBtpD2kCM6Sbzg4CausW/PKQ==",
                  "optional": true
                },
                "loose-envify": {
                  "version": "1.4.0",
                  "resolved": "https://registry.npmjs.org/loose-envify/-/loose-envify-1.4.0.tgz",
                  "integrity": "sha512-lyuxPGr/Wfhrlem2CL/UcnUc1zcqKAImBDzukY7Y5F/yQiNdko6+fRLevlw1HgMySw7f611UIY408EtxRSoK3Q==",
                  "optional": true,
                  "requires": {
                    "js-tokens": "^3.0.0 || ^4.0.0"
                  }
                },
                "object-assign": {
                  "version": "4.1.1",
                  "resolved": "https://registry.npmjs.org/object-assign/-/object-assign-4.1.1.tgz",
                  "integrity": "sha512-rJgTQnkUnH1sFw8yT6VSU3zD3sWmu6sZhIseY8VX+GRu3P6F7Fu+JNDoXfklElbLJSnc3FUQHVe4cU5hj+BcUg==",
                  "optional": true
                }
              }
            },
            "uikit-icons": {
              "version": "npm:@myntra/uikit-icons@1.0.31",
              "resolved": "https://registry.npmjs.org/@myntra/uikit-icons/-/uikit-icons-1.0.31.tgz",
              "integrity": "sha512-Nhi5vQiLhakdOUx6GxXMAf0iOrnDH/FtP6ocjcSNBq1PZ1uoNcJg8S0NvNsG33IXu8qa2xxIAToiGGVr4RIVpw==",
              "requires": {
                "react": ">=15.4"
              }
            }
          }
        },
        "@myntra/uikit-utils": {
          "version": "1.13.96",
          "requires": {
            "react": "^16.0.0"
          },
          "dependencies": {
            "@types/react": {
              "requires": {
                "@types/prop-types": "*",
                "@types/scheduler": "*",
                "csstype": "^3.0.2"
              },
              "dependencies": {}
            },
            "react": {
              "version": "16.14.0",
              "optional": true,
              "requires": {
                "loose-envify": "^1.1.0",
                "object-assign": "^4.1.1",
                "prop-types": "^15.6.2"
              },
              "dependencies": {}
            }
          }
        },
        "@types/react": {
          "requires": {
            "@types/prop-types": "*",
            "@types/scheduler": "*",
            "csstype": "^3.0.2"
          },
          "dependencies": {
            "@types/prop-types": {
              "version": "15.7.5",
              "resolved": "https://registry.npmjs.org/@types/prop-types/-/prop-types-15.7.5.tgz",
              "integrity": "sha512-JCB8C6SnDoQf0cNycqd/35A7MjcnK+ZTqE7judS6o7utxUCg6imJg3QK2qzHKszlTjcj2cn+NwMB2i96ubpj7w=="
            },
            "@types/scheduler": {
              "version": "0.16.2",
              "resolved": "https://registry.npmjs.org/@types/scheduler/-/scheduler-0.16.2.tgz",
              "integrity": "sha512-hppQEBDmlwhFAXKJX2KnWLYu5yMfi91yazPb2l+lbJiwW+wdo1gNeRA+3RgNSO39WYX2euey41KEwnqesU2Jew=="
            },
            "csstype": {
              "version": "3.1.0",
              "resolved": "https://registry.npmjs.org/csstype/-/csstype-3.1.0.tgz",
              "integrity": "sha512-uX1KG+x9h5hIJsaKR9xHUeUraxf8IODOwq9JLNPq6BwB04a/xgpq3rcx47l5BZu5zBPlgD342tdke3Hom/nJRA=="
            }
          }
        },
        "react": {
          "version": "17.0.2",
          "optional": true,
          "requires": {
            "loose-envify": "^1.1.0",
            "object-assign": "^4.1.1"
          },
          "dependencies": {
            "js-tokens": {
              "version": "4.0.0",
              "resolved": "https://registry.npmjs.org/js-tokens/-/js-tokens-4.0.0.tgz",
              "integrity": "sha512-RdJUflcE3cUzKiMqQgsCu06FPu9UdIJO0beYbPhHN4k6apgJtifcoCtT9bcxOpYBtpD2kCM6Sbzg4CausW/PKQ==",
              "optional": true
            },
            "loose-envify": {
              "version": "1.4.0",
              "resolved": "https://registry.npmjs.org/loose-envify/-/loose-envify-1.4.0.tgz",
              "integrity": "sha512-lyuxPGr/Wfhrlem2CL/UcnUc1zcqKAImBDzukY7Y5F/yQiNdko6+fRLevlw1HgMySw7f611UIY408EtxRSoK3Q==",
              "optional": true,
              "requires": {
                "js-tokens": "^3.0.0 || ^4.0.0"
              }
            },
            "object-assign": {
              "version": "4.1.1",
              "resolved": "https://registry.npmjs.org/object-assign/-/object-assign-4.1.1.tgz",
              "integrity": "sha512-rJgTQnkUnH1sFw8yT6VSU3zD3sWmu6sZhIseY8VX+GRu3P6F7Fu+JNDoXfklElbLJSnc3FUQHVe4cU5hj+BcUg==",
              "optional": true
            }
          }
        },
        "uikit-icons": {
          "version": "npm:@myntra/uikit-icons@1.0.31",
          "resolved": "https://registry.npmjs.org/@myntra/uikit-icons/-/uikit-icons-1.0.31.tgz",
          "integrity": "sha512-Nhi5vQiLhakdOUx6GxXMAf0iOrnDH/FtP6ocjcSNBq1PZ1uoNcJg8S0NvNsG33IXu8qa2xxIAToiGGVr4RIVpw==",
          "requires": {
            "react": ">=15.4"
          }
        }
      }
    },
    "@myntra/uikit-utils": {
      "version": "1.13.96",
      "requires": {
        "react": "^16.0.0"
      },
      "dependencies": {
        "@types/react": {
          "requires": {
            "@types/prop-types": "*",
            "@types/scheduler": "*",
            "csstype": "^3.0.2"
          },
          "dependencies": {}
        },
        "react": {
          "version": "16.14.0",
          "optional": true,
          "requires": {
            "loose-envify": "^1.1.0",
            "object-assign": "^4.1.1",
            "prop-types": "^15.6.2"
          },
          "dependencies": {}
        }
      }
    },
    "@types/react": {
      "version": "16.14.20",
      "dev": true,
      "requires": {
        "@types/prop-types": "*",
        "@types/scheduler": "*",
        "csstype": "^3.0.2"
      },
      "dependencies": {
        "@types/prop-types": {
          "version": "15.7.5",
          "resolved": "https://registry.npmjs.org/@types/prop-types/-/prop-types-15.7.5.tgz",
          "integrity": "sha512-JCB8C6SnDoQf0cNycqd/35A7MjcnK+ZTqE7judS6o7utxUCg6imJg3QK2qzHKszlTjcj2cn+NwMB2i96ubpj7w=="
        },
        "@types/scheduler": {
          "version": "0.16.2",
          "resolved": "https://registry.npmjs.org/@types/scheduler/-/scheduler-0.16.2.tgz",
          "integrity": "sha512-hppQEBDmlwhFAXKJX2KnWLYu5yMfi91yazPb2l+lbJiwW+wdo1gNeRA+3RgNSO39WYX2euey41KEwnqesU2Jew=="
        },
        "csstype": {
          "version": "3.1.0",
          "resolved": "https://registry.npmjs.org/csstype/-/csstype-3.1.0.tgz",
          "integrity": "sha512-uX1KG+x9h5hIJsaKR9xHUeUraxf8IODOwq9JLNPq6BwB04a/xgpq3rcx47l5BZu5zBPlgD342tdke3Hom/nJRA=="
        }
      }
    },
    "react": {
      "version": "17.0.2",
      "optional": true,
      "requires": {
        "loose-envify": "^1.1.0",
        "object-assign": "^4.1.1"
      },
      "dependencies": {
        "js-tokens": {
          "version": "4.0.0",
          "resolved": "https://registry.npmjs.org/js-tokens/-/js-tokens-4.0.0.tgz",
          "integrity": "sha512-RdJUflcE3cUzKiMqQgsCu06FPu9UdIJO0beYbPhHN4k6apgJtifcoCtT9bcxOpYBtpD2kCM6Sbzg4CausW/PKQ==",
          "optional": true
        },
        "loose-envify": {
          "version": "1.4.0",
          "resolved": "https://registry.npmjs.org/loose-envify/-/loose-envify-1.4.0.tgz",
          "integrity": "sha512-lyuxPGr/Wfhrlem2CL/UcnUc1zcqKAImBDzukY7Y5F/yQiNdko6+fRLevlw1HgMySw7f611UIY408EtxRSoK3Q==",
          "optional": true,
          "requires": {
            "js-tokens": "^3.0.0 || ^4.0.0"
          }
        },
        "object-assign": {
          "version": "4.1.1",
          "resolved": "https://registry.npmjs.org/object-assign/-/object-assign-4.1.1.tgz",
          "integrity": "sha512-rJgTQnkUnH1sFw8yT6VSU3zD3sWmu6sZhIseY8VX+GRu3P6F7Fu+JNDoXfklElbLJSnc3FUQHVe4cU5hj+BcUg==",
          "optional": true
        }
      }
    }
  }
}
