# THIS IS AN AUTOGENERATED FILE. DO NOT EDIT THIS FILE DIRECTLY.
# yarn lockfile v1


"@myntra/accoutrement@1.13.*":
  version "1.13.96"
  resolved "https://registry.yarnpkg.com/@myntra/accoutrement/-/accoutrement-1.13.96.tgz#f4eec98e77feae2578461fa334b4fb4d1d77746d"
  integrity sha512-/XN3uYCzvzI3RJspHj9NWppMwmwsek3JvHqSZVPtFvoInxaLd3ceXGcpMVAICip65sVBG2WbiMaT5gqXOKpuuA==
  dependencies:
    accoutrement "^2.1.2"
    normalize.css "^8.0.1"

"@myntra/uikit-can-i-use@1.13.*":
  version "1.13.96"
  resolved "https://registry.yarnpkg.com/@myntra/uikit-can-i-use/-/uikit-can-i-use-1.13.96.tgz#9c97d06cf509d5e975853efbebed833a6e4fa1fb"
  integrity sha512-46q1tHG1oefgbmOT7WJZLQjpHtrSLKRaS12bMxK9eK0Au/6LCj2iuxWpSFUXo3HpPagIVOVCYXO+h6pm/Z2/5A==
  optionalDependencies:
    react "^16.8.4"
    react-dom "^16.8.4"

"@myntra/uikit-component-accordion@1.13.*":
  version "1.13.96"
  resolved "https://registry.yarnpkg.com/@myntra/uikit-component-accordion/-/uikit-component-accordion-1.13.96.tgz#6b6eaf7074e6f3853a0bc3c01fd38cd58d71ae7a"
  integrity sha512-9wGFEzDL0xXPkNMDyt6pCDOFeIAIGfk9rxKtM3tpo+squ9gFiuNGS69E/zb+F0o71cUsh/FGbRBjN1uacd5zmw==
  dependencies:
    "@myntra/uikit-can-i-use" "1.13.*"
    "@myntra/uikit-context" "1.13.*"
    "@myntra/uikit-utils" "1.13.*"
    uikit-icons "npm:@myntra/uikit-icons@latest"
  optionalDependencies:
    react ">=15.4"

"@myntra/uikit-component-avatar@1.13.*":
  version "1.13.96"
  resolved "https://registry.yarnpkg.com/@myntra/uikit-component-avatar/-/uikit-component-avatar-1.13.96.tgz#70a2e2a0386620c66aaac59540735254ee2f7f06"
  integrity sha512-R3N/9Kl98cB8kU55UVEkhwOVVqsRWIOMYYaYfKZFOovpqSTaClj6rxbN7O5w7L2hPMKNe/7/LUhE1taI3ThTKA==
  dependencies:
    "@myntra/uikit-can-i-use" "1.13.*"
    "@myntra/uikit-utils" "1.13.*"
    name-initials "^0.1.3"
    uikit-icons "npm:@myntra/uikit-icons@latest"
  optionalDependencies:
    react ">=15.4"

"@myntra/uikit-component-badge@1.13.*":
  version "1.13.96"
  resolved "https://registry.yarnpkg.com/@myntra/uikit-component-badge/-/uikit-component-badge-1.13.96.tgz#afaf172337af8b4e1fd05dd14a6f01a1266e3d31"
  integrity sha512-lbG6XR8J5nK2NbOF99c+oZ2z+4LmO3UEWogqCBIjgjGgYIU+1R6LkKrNSvVKlf7jJ8DUFsYmA3DgCAT0L73+9g==
  dependencies:
    "@myntra/uikit-can-i-use" "1.13.*"
    "@myntra/uikit-utils" "1.13.*"
    uikit-icons "npm:@myntra/uikit-icons@latest"
  optionalDependencies:
    react ">=15.4"

"@myntra/uikit-component-banner@1.13.*":
  version "1.13.96"
  resolved "https://registry.yarnpkg.com/@myntra/uikit-component-banner/-/uikit-component-banner-1.13.96.tgz#572003e6d8eb20b4b94d0949321e459b5b3ea0a4"
  integrity sha512-Se76xL56oTgViUhdZD9ckK1ORbY8zI0STw/qI613/0bV7Pc+JvO+Bgju1bV8R6rVQDPf1UxdtqTSUztSGQLTcQ==
  dependencies:
    "@myntra/uikit-can-i-use" "1.13.*"
    "@myntra/uikit-component-button" "1.13.*"
    "@myntra/uikit-component-icon" "1.13.*"
    "@myntra/uikit-component-layout" "1.13.*"
    "@myntra/uikit-component-text" "1.13.*"
    "@myntra/uikit-utils" "1.13.*"
    uikit-icons "npm:@myntra/uikit-icons@latest"
  optionalDependencies:
    react ">=15.4"

"@myntra/uikit-component-bread-crumb@1.13.*":
  version "1.13.96"
  resolved "https://registry.yarnpkg.com/@myntra/uikit-component-bread-crumb/-/uikit-component-bread-crumb-1.13.96.tgz#fa33a4e8e175cb9c8a58470713eb4d8cd972249a"
  integrity sha512-tWP1Z+3M5ZUwfRKgBfsWVY5KHiGplMzuaAIrvbpDHV61KGlpcD2fop/11kWMl0kFlgE3GSwU39ey1MFCfj0pyQ==
  dependencies:
    "@myntra/uikit-can-i-use" "1.13.*"
    "@myntra/uikit-utils" "1.13.*"
    uikit-icons "npm:@myntra/uikit-icons@latest"
  optionalDependencies:
    react ">=15.4"

"@myntra/uikit-component-button-group@1.13.*":
  version "1.13.96"
  resolved "https://registry.yarnpkg.com/@myntra/uikit-component-button-group/-/uikit-component-button-group-1.13.96.tgz#866884be03fea957c1cae86dc1d88f2b15f89dce"
  integrity sha512-lErzgBFGU0aijrJSaEgKg3dpOBhnYB919ZOfQtzssGbphCBylb0AsJ+A6VFquRFja7PzEu2fn/VOvWzH9ix2xA==
  dependencies:
    "@myntra/uikit-component-button" "1.13.*"
    "@myntra/uikit-component-dropdown" "1.13.*"
    "@myntra/uikit-component-list" "1.13.*"
    "@myntra/uikit-utils" "1.13.*"
    uikit-icons "npm:@myntra/uikit-icons@latest"
  optionalDependencies:
    react ">=15.4"

"@myntra/uikit-component-button@1.13.*":
  version "1.13.96"
  resolved "https://registry.yarnpkg.com/@myntra/uikit-component-button/-/uikit-component-button-1.13.96.tgz#d942ce72bbee5fc766f048f1c5725b808d77cce0"
  integrity sha512-CDz9riSF6pHO8moZU6RcTDBGnoivduVTvZ5IenMoYgcss/n2bUcmZlEBtgTZKx8XoD9076ffIUXkwnd5BEKhow==
  dependencies:
    "@myntra/uikit-can-i-use" "1.13.*"
    "@myntra/uikit-component-icon" "1.13.*"
    "@myntra/uikit-component-loader" "1.13.*"
    "@myntra/uikit-component-text" "1.13.*"
    "@myntra/uikit-context" "1.13.*"
    "@myntra/uikit-utils" "1.13.*"
    uikit-icons "npm:@myntra/uikit-icons@latest"
  optionalDependencies:
    react ">=15.4"

"@myntra/uikit-component-click-away@1.13.*":
  version "1.13.96"
  resolved "https://registry.yarnpkg.com/@myntra/uikit-component-click-away/-/uikit-component-click-away-1.13.96.tgz#887ff8797dbf798e1250477a5c61ca2a0de46c04"
  integrity sha512-/j2UyWUy8iiYyneYQ1P/NWP4X9Asp0jusMZznRSk40ZRWxCBMNtim+x7rPaykT+fPCtnsdxO0hEedYYlskskjA==
  dependencies:
    "@myntra/uikit-can-i-use" "1.13.*"
    "@myntra/uikit-utils" "1.13.*"
    uikit-icons "npm:@myntra/uikit-icons@latest"
  optionalDependencies:
    react ">=15.4"

"@myntra/uikit-component-dropdown@1.13.*":
  version "1.13.96"
  resolved "https://registry.yarnpkg.com/@myntra/uikit-component-dropdown/-/uikit-component-dropdown-1.13.96.tgz#cef1368adc5aa44c9a53469b8602375af9fa1971"
  integrity sha512-miOoJF6DDZQnz+OiHmW/Oms8vHQKaz5TIY5YlWGgKnUhRy1E4xaBrpG+HzTGDOZB6Mv5GPTUix73KZKWYaUJTA==
  dependencies:
    "@myntra/uikit-can-i-use" "1.13.*"
    "@myntra/uikit-component-button" "1.13.*"
    "@myntra/uikit-component-click-away" "1.13.*"
    "@myntra/uikit-component-measure" "1.13.*"
    "@myntra/uikit-component-portal" "1.13.*"
    "@myntra/uikit-utils" "1.13.*"
    prop-types "^15.7.2"
    uikit-icons "npm:@myntra/uikit-icons@latest"
  optionalDependencies:
    react ">=15.4"

"@myntra/uikit-component-error-boundary@1.13.*":
  version "1.13.96"
  resolved "https://registry.yarnpkg.com/@myntra/uikit-component-error-boundary/-/uikit-component-error-boundary-1.13.96.tgz#be47f595af56b0600a544fda83b1f9d035e09c49"
  integrity sha512-32RYIdLgV+dCdCx/KhKffLyB2FfLPl8SYWg5foU9LHVxVzJP1rjd86UcLAuWDqNyLvwFutLBDE0TSs7YRpZK/Q==
  dependencies:
    "@myntra/uikit-can-i-use" "1.13.*"
    "@myntra/uikit-utils" "1.13.*"
    prop-types "^15.7.2"
    uikit-icons "npm:@myntra/uikit-icons@latest"
  optionalDependencies:
    react ">=15.4"

"@myntra/uikit-component-fab@1.13.*":
  version "1.13.96"
  resolved "https://registry.yarnpkg.com/@myntra/uikit-component-fab/-/uikit-component-fab-1.13.96.tgz#0aa3c373c8abbae965c1b95c023c863de58d3094"
  integrity sha512-Oh+cEwELK5oYBfa26RTA44FgcGawhTVoJlhjiRBYJpELvTYP7QJO/6KMhNQ0gWazHBP1gci/9XoTDWKFC/wgNg==
  dependencies:
    "@myntra/uikit-can-i-use" "1.13.*"
    "@myntra/uikit-component-button" "1.13.*"
    "@myntra/uikit-component-dropdown" "1.13.*"
    "@myntra/uikit-component-icon" "1.13.*"
    "@myntra/uikit-utils" "1.13.*"
    prop-types "^15.7.2"
    uikit-icons "npm:@myntra/uikit-icons@latest"
  optionalDependencies:
    react ">=15.4"

"@myntra/uikit-component-field@1.13.*":
  version "1.13.96"
  resolved "https://registry.yarnpkg.com/@myntra/uikit-component-field/-/uikit-component-field-1.13.96.tgz#0c17abd02b80093e6c0f94459cbd1e37fde63624"
  integrity sha512-wgt5nOd2VFw8EFplyjtEr9fcgc5fPx9Sn1K9RU/TpZJ1S9gsVh/T5csM/m4E55e9+FxXY07b2Zrqy/hXYomPqw==
  dependencies:
    "@myntra/uikit-can-i-use" "1.13.*"
    "@myntra/uikit-utils" "1.13.*"
    prop-types "^15.7.2"
    uikit-icons "npm:@myntra/uikit-icons@latest"
  optionalDependencies:
    react ">=15.4"

"@myntra/uikit-component-flex@1.13.*":
  version "1.13.96"
  resolved "https://registry.yarnpkg.com/@myntra/uikit-component-flex/-/uikit-component-flex-1.13.96.tgz#0d759425dbb021181fc4125a4ec4778382b91ddf"
  integrity sha512-E4qwqzXNzxeJ5nQNHHcVRxU/E5KlMjIn55aJQtTtSspZ2e0vfWHd8Zi6hS50oBzD+D+wT2syRcIug2ar7EkmYw==
  dependencies:
    "@myntra/uikit-utils" "1.13.*"
    uikit-icons "npm:@myntra/uikit-icons@latest"
  optionalDependencies:
    react ">=15.4"

"@myntra/uikit-component-form@1.13.*":
  version "1.13.96"
  resolved "https://registry.yarnpkg.com/@myntra/uikit-component-form/-/uikit-component-form-1.13.96.tgz#aee6f0a5f3557d58f002667d617fa37ed007fa3e"
  integrity sha512-xYTTwKoRuhYDsSo+gUMDzhmp8wNydxUHBuexTU6VfQkiJrl2H5PqPDl05GNXIqnk9gsD3vd58GO6vMWm3SrS/g==
  dependencies:
    "@myntra/uikit-can-i-use" "1.13.*"
    "@myntra/uikit-component-button" "1.13.*"
    "@myntra/uikit-component-button-group" "1.13.*"
    "@myntra/uikit-component-field" "1.13.*"
    "@myntra/uikit-component-grid" "1.13.*"
    "@myntra/uikit-component-input-azure-file" "1.13.*"
    "@myntra/uikit-component-input-checkbox" "1.13.*"
    "@myntra/uikit-component-input-date" "1.13.*"
    "@myntra/uikit-component-input-file" "1.13.*"
    "@myntra/uikit-component-input-masked" "1.13.*"
    "@myntra/uikit-component-input-month" "1.13.*"
    "@myntra/uikit-component-input-number" "1.13.*"
    "@myntra/uikit-component-input-radio" "1.13.*"
    "@myntra/uikit-component-input-s3-file" "1.13.*"
    "@myntra/uikit-component-input-select" "1.13.*"
    "@myntra/uikit-component-input-text" "1.13.*"
    "@myntra/uikit-component-input-text-area" "1.13.*"
    "@myntra/uikit-context" "1.13.*"
    "@myntra/uikit-utils" "1.13.*"
    uikit-icons "npm:@myntra/uikit-icons@latest"
  optionalDependencies:
    react ">=15.4"

"@myntra/uikit-component-grid@1.13.*":
  version "1.13.96"
  resolved "https://registry.yarnpkg.com/@myntra/uikit-component-grid/-/uikit-component-grid-1.13.96.tgz#b493ede7eabba92d94eeaab167ac710f102b475c"
  integrity sha512-TevXJepMDmTg5YzlPYEj462XUHaI8A0VlYer9BWGKCuYehB+XUN6maQ1xT5NDIujWvVUW4f6fl81scZd308oKQ==
  dependencies:
    "@myntra/uikit-can-i-use" "1.13.*"
    "@myntra/uikit-utils" "1.13.*"
    prop-types "^15.7.2"
    uikit-icons "npm:@myntra/uikit-icons@latest"
  optionalDependencies:
    react ">=15.4"

"@myntra/uikit-component-group@1.13.*":
  version "1.13.96"
  resolved "https://registry.yarnpkg.com/@myntra/uikit-component-group/-/uikit-component-group-1.13.96.tgz#993755126854a8719f9dc4c192cb213c6ca4a741"
  integrity sha512-estOavG2YGgWfyQsyKtqsFbgXqF5tNk1OgBXkQU8/NKAEQKljd3NinHtFk2TMvjyQ7goSdkf3E1V10g/a3vIuQ==
  dependencies:
    "@myntra/uikit-can-i-use" "1.13.*"
    "@myntra/uikit-utils" "1.13.*"
    uikit-icons "npm:@myntra/uikit-icons@latest"
  optionalDependencies:
    react ">=15.4"

"@myntra/uikit-component-icon@1.13.*":
  version "1.13.96"
  resolved "https://registry.yarnpkg.com/@myntra/uikit-component-icon/-/uikit-component-icon-1.13.96.tgz#2853d5a3c7ce0054a3f6ef80ea118d67933ca98a"
  integrity sha512-7t7ySnzLEJM/GPd7Cwt/o1BPD9vPAyLLy0W5VwC902PLVUu7O05eVwdAyNvqE0RHvcZGXOy+EZV+o5fgP7QFrw==
  dependencies:
    "@myntra/uikit-can-i-use" "1.13.*"
    "@myntra/uikit-utils" "1.13.*"
    uikit-icons "npm:@myntra/uikit-icons@latest"
  optionalDependencies:
    react ">=15.4"

"@myntra/uikit-component-image@1.13.*":
  version "1.13.96"
  resolved "https://registry.yarnpkg.com/@myntra/uikit-component-image/-/uikit-component-image-1.13.96.tgz#cf144c1d36a8bcd20a1605c56e73b58b8e62f5ad"
  integrity sha512-lcopNolnJiT7D6OwTzpzDTRHOZqVLy1oTVVIAfphmEQUXlLB8oGXytWar3Dx7Vvat2WOainDKVKWvpQTXqkZ6Q==
  dependencies:
    "@myntra/uikit-can-i-use" "1.13.*"
    "@myntra/uikit-utils" "1.13.*"
    intersection-observer-polyfill "^0.1.0"
    prop-types "^15.7.2"
    uikit-icons "npm:@myntra/uikit-icons@latest"
  optionalDependencies:
    react ">=15.4"

"@myntra/uikit-component-input-azure-file@1.13.*":
  version "1.13.65"
  resolved "https://registry.yarnpkg.com/@myntra/uikit-component-input-azure-file/-/uikit-component-input-azure-file-1.13.65.tgz#7afd9f845d9febfd13dc11b3b48d452711c4673a"
  integrity sha512-5B7KXKJBwmryz+jnWk8IuwQbi9+Prjdf/NaP7sONtiTwBVdpxKkEGDRlQJoSg7HDCi48igUz51XFtbwVD4gUgQ==
  dependencies:
    "@myntra/uikit-component-button" "1.13.*"
    "@myntra/uikit-component-input-file" "1.13.*"
    "@myntra/uikit-component-progress" "1.13.*"
    "@myntra/uikit-utils" "1.13.*"
    uikit-icons "npm:@myntra/uikit-icons@^1.0.9"
  optionalDependencies:
    react ">=15.4"

"@myntra/uikit-component-input-checkbox@1.13.*":
  version "1.13.96"
  resolved "https://registry.yarnpkg.com/@myntra/uikit-component-input-checkbox/-/uikit-component-input-checkbox-1.13.96.tgz#7fa96dd211d73c58328da10a342ead41fe1803d5"
  integrity sha512-/+cv9LZf84RWVpV8pyfInRA7ZYoiu7umKLrdI8rfpqr54oEwEPEzXXgTiiuCNSyZdWbCUtYJW8OZRV8pTsgiVw==
  dependencies:
    "@myntra/uikit-can-i-use" "1.13.*"
    "@myntra/uikit-component-input-text" "1.13.*"
    "@myntra/uikit-utils" "1.13.*"
    uikit-icons "npm:@myntra/uikit-icons@latest"
  optionalDependencies:
    react ">=15.4"

"@myntra/uikit-component-input-date@1.13.*":
  version "1.13.96"
  resolved "https://registry.yarnpkg.com/@myntra/uikit-component-input-date/-/uikit-component-input-date-1.13.96.tgz#478a1a17ed9bebf377282f3408f465feeaa55b5b"
  integrity sha512-ENC6hDfCNdK9adaRxtViQWlz9x4vPEzfvaeoEgNcYIrGWy7Tl11E2pTjc+cFGuz05RJJODnVmHqI0TS39QCjKA==
  dependencies:
    "@myntra/uikit-can-i-use" "1.13.*"
    "@myntra/uikit-component-button" "1.13.*"
    "@myntra/uikit-component-button-group" "1.13.*"
    "@myntra/uikit-component-dropdown" "1.13.*"
    "@myntra/uikit-component-icon" "1.13.*"
    "@myntra/uikit-component-input-masked" "1.13.*"
    "@myntra/uikit-component-input-number" "1.13.*"
    "@myntra/uikit-component-input-text" "1.13.*"
    "@myntra/uikit-component-layout" "1.13.*"
    "@myntra/uikit-utils" "1.13.*"
    date-fns "^2.0.0-alpha.27"
    dayjs "^1.8.14"
    uikit-icons "npm:@myntra/uikit-icons@latest"
  optionalDependencies:
    react ">=15.4"

"@myntra/uikit-component-input-file@1.13.*":
  version "1.13.96"
  resolved "https://registry.yarnpkg.com/@myntra/uikit-component-input-file/-/uikit-component-input-file-1.13.96.tgz#c6dd63f672b689393395d47eb6a8c746a44501f8"
  integrity sha512-nPpmpW22Febbw4u0sqISvpheZAGK7QVe76u07qFFP8ggB+d02Qa2XGay0hzKhqKz1Gvi4E+PU2uraI2cU7gpvw==
  dependencies:
    "@myntra/uikit-component-button" "1.13.*"
    "@myntra/uikit-component-input-text" "1.13.*"
    "@myntra/uikit-utils" "1.13.*"
    uikit-icons "npm:@myntra/uikit-icons@latest"
  optionalDependencies:
    react ">=15.4"

"@myntra/uikit-component-input-masked@1.13.*":
  version "1.13.96"
  resolved "https://registry.yarnpkg.com/@myntra/uikit-component-input-masked/-/uikit-component-input-masked-1.13.96.tgz#4d4fee5102c27711ce54c5e8e5e61d1e17c46bcd"
  integrity sha512-gDfFu11c7MXNVF0I0aJL8uXjND4W4LitxUcWs+qAYSZ2A2GOrNQO48BOPPc2H3vvjS47iVqd1z8PrE9v/Q4kCw==
  dependencies:
    "@myntra/uikit-can-i-use" "1.13.*"
    "@myntra/uikit-component-input-text" "1.13.*"
    "@myntra/uikit-utils" "1.13.*"
    uikit-icons "npm:@myntra/uikit-icons@latest"
  optionalDependencies:
    react ">=15.4"

"@myntra/uikit-component-input-month@1.13.*":
  version "1.13.96"
  resolved "https://registry.yarnpkg.com/@myntra/uikit-component-input-month/-/uikit-component-input-month-1.13.96.tgz#b8261e01450b156514c5ba84713c5377b65bb1c7"
  integrity sha512-bFEmY85tdKz0spzaFLcmX54PjBu7uYmzte81ys2+0l1srGlHrP6yhEWQt65KDIQNaMU1FTevaqfCgRenD/NU+Q==
  dependencies:
    "@myntra/uikit-can-i-use" "1.13.*"
    "@myntra/uikit-component-dropdown" "1.13.*"
    "@myntra/uikit-component-input-date" "1.13.*"
    "@myntra/uikit-component-input-masked" "1.13.*"
    "@myntra/uikit-utils" "1.13.*"
    luxon "^1.21.1"
    uikit-icons "npm:@myntra/uikit-icons@latest"
  optionalDependencies:
    react ">=15.4"

"@myntra/uikit-component-input-number@1.13.*":
  version "1.13.96"
  resolved "https://registry.yarnpkg.com/@myntra/uikit-component-input-number/-/uikit-component-input-number-1.13.96.tgz#86d0758af20d9e75ef55feb8d481dd8bc374ac9e"
  integrity sha512-JxE9e3y3JlLroX8Pg4O4RrAAK9oAzWo10U3/viTmprzdQ9maaES1GrbNzxW15wlrHDxzC+i8olKeBCG+/O1LEg==
  dependencies:
    "@myntra/uikit-can-i-use" "1.13.*"
    "@myntra/uikit-component-input-text" "1.13.*"
    "@myntra/uikit-utils" "1.13.*"
    uikit-icons "npm:@myntra/uikit-icons@latest"
  optionalDependencies:
    react ">=15.4"

"@myntra/uikit-component-input-radio@1.13.*":
  version "1.13.96"
  resolved "https://registry.yarnpkg.com/@myntra/uikit-component-input-radio/-/uikit-component-input-radio-1.13.96.tgz#7017b7de00c7eb1195431c17d05aebdb565c3d16"
  integrity sha512-BpPd6cak/rVFjtvTehxdPDJ1aEERpaWjusf2Hs2fFlczF3W7WmoQagG+sfVCkuwdyn5JN+5Y9bCwkHSZkFz0zw==
  dependencies:
    "@myntra/uikit-can-i-use" "1.13.*"
    "@myntra/uikit-utils" "1.13.*"
    uikit-icons "npm:@myntra/uikit-icons@latest"
  optionalDependencies:
    react ">=15.4"

"@myntra/uikit-component-input-s3-file@1.13.*":
  version "1.13.96"
  resolved "https://registry.yarnpkg.com/@myntra/uikit-component-input-s3-file/-/uikit-component-input-s3-file-1.13.96.tgz#6e97d10550c45584aef5c2bda29eb03acab17dc5"
  integrity sha512-qQ7TAI4tLGbVCHEv7GHPjhkpjv3fTHHsQqsIhKuUZi8NJAJqVqmaqTYQX2xWJ3BioSzMlLuQnxiJnT0jB9G1cA==
  dependencies:
    "@myntra/uikit-can-i-use" "1.13.*"
    "@myntra/uikit-component-button" "1.13.*"
    "@myntra/uikit-component-input-file" "1.13.*"
    "@myntra/uikit-component-progress" "1.13.*"
    "@myntra/uikit-utils" "1.13.*"
    uikit-icons "npm:@myntra/uikit-icons@latest"
  optionalDependencies:
    react ">=15.4"

"@myntra/uikit-component-input-select@1.13.*":
  version "1.13.96"
  resolved "https://registry.yarnpkg.com/@myntra/uikit-component-input-select/-/uikit-component-input-select-1.13.96.tgz#f46d0a4cddcae8dcd2f62692d6ced19b55989f93"
  integrity sha512-MaPtiNxbAszvooAFjJSSbnMqFdbTncsyfg5gjfF/ARJqFscKWQOJ6Gd5xhDhAWntcLYQRXYwgto8925p+Y1EoA==
  dependencies:
    "@myntra/uikit-can-i-use" "1.13.*"
    "@myntra/uikit-component-dropdown" "1.13.*"
    "@myntra/uikit-component-icon" "1.13.*"
    "@myntra/uikit-component-input-text" "1.13.*"
    "@myntra/uikit-component-list" "1.13.*"
    "@myntra/uikit-utils" "1.13.*"
    sifter "^0.5.3"
    uikit-icons "npm:@myntra/uikit-icons@latest"
  optionalDependencies:
    react ">=15.4"

"@myntra/uikit-component-input-text-area@1.13.*":
  version "1.13.96"
  resolved "https://registry.yarnpkg.com/@myntra/uikit-component-input-text-area/-/uikit-component-input-text-area-1.13.96.tgz#75558dfe3bd403dcae315331b55a7b7fdb0092c3"
  integrity sha512-zFUQhVMWAsQNu3RZUUEsXibWyc6dBta9zeBD2hbonh/KwYqRKzu5z5SrFYTQ9frfKrYC7VWIV9pxFo9gL/e8qw==
  dependencies:
    "@myntra/uikit-can-i-use" "1.13.*"
    "@myntra/uikit-component-input-text" "1.13.*"
    "@myntra/uikit-utils" "1.13.*"
    uikit-icons "npm:@myntra/uikit-icons@latest"
  optionalDependencies:
    react ">=15.4"

"@myntra/uikit-component-input-text@1.13.*":
  version "1.13.96"
  resolved "https://registry.yarnpkg.com/@myntra/uikit-component-input-text/-/uikit-component-input-text-1.13.96.tgz#6c2793a56ea963a620b6941b1ee0497d3b96644d"
  integrity sha512-3l/GBi8Cg7sxMqW5GRM/XCPum8ADoRVfKW+HoFcWvFfJaY7SGaaMgYUsnvPEtM/UliGTT2GgjEIpk1h4NPFwgw==
  dependencies:
    "@myntra/uikit-can-i-use" "1.13.*"
    "@myntra/uikit-component-icon" "1.13.*"
    "@myntra/uikit-utils" "1.13.*"
    uikit-icons "npm:@myntra/uikit-icons@latest"
  optionalDependencies:
    react ">=15.4"

"@myntra/uikit-component-job-tracker@1.13.*":
  version "1.13.96"
  resolved "https://registry.yarnpkg.com/@myntra/uikit-component-job-tracker/-/uikit-component-job-tracker-1.13.96.tgz#c2bce17a08abc927f1d8faaf57309b8106e0abc0"
  integrity sha512-Ausn7MS4wC6Ytpr9+M3l7QhfGg+7WYmDNgElExNQxQR8F3vZK/pUQnowe9IwMRQb6kxpzUfr52mEdB+7a4AD4Q==
  dependencies:
    "@myntra/uikit-can-i-use" "1.13.*"
    "@myntra/uikit-component-button" "1.13.*"
    "@myntra/uikit-component-grid" "1.13.*"
    "@myntra/uikit-component-icon" "1.13.*"
    "@myntra/uikit-component-layout" "1.13.*"
    "@myntra/uikit-component-loader" "1.13.*"
    "@myntra/uikit-component-text" "1.13.*"
    "@myntra/uikit-utils" "1.13.*"
    dayjs "^1.8.14"
    uikit-icons "npm:@myntra/uikit-icons@latest"
  optionalDependencies:
    react ">=15.4"

"@myntra/uikit-component-layout@1.13.*":
  version "1.13.96"
  resolved "https://registry.yarnpkg.com/@myntra/uikit-component-layout/-/uikit-component-layout-1.13.96.tgz#2f052e928372e921160eae78f37998e0856509f6"
  integrity sha512-+ji1iChRKdeT+iC2VEeG2RZVU7RsW4g7/+4LFkV9KGf1cZ8OIhNH7pR7XGmZL1h8xmdhnu0QiQWbHuNpAubnxA==
  dependencies:
    "@myntra/uikit-utils" "1.13.*"
    uikit-icons "npm:@myntra/uikit-icons@latest"
  optionalDependencies:
    react ">=15.4"

"@myntra/uikit-component-list@1.13.*":
  version "1.13.96"
  resolved "https://registry.yarnpkg.com/@myntra/uikit-component-list/-/uikit-component-list-1.13.96.tgz#1c8aac0c8f3a009d6a076c1d14cd58c109d19fa4"
  integrity sha512-FsO1XToZidbLKjb2S2rElhM++CklUjwVdEx4PtKLa6R6qI7YvwaALfz3UVcwDBIdtCNGld1QkFI+XfOPU2DN4Q==
  dependencies:
    "@myntra/uikit-can-i-use" "1.13.*"
    "@myntra/uikit-component-input-checkbox" "1.13.*"
    "@myntra/uikit-component-virtual-list" "1.13.*"
    "@myntra/uikit-utils" "1.13.*"
    scroll-into-view-if-needed "^2.2.20"
    uikit-icons "npm:@myntra/uikit-icons@latest"
  optionalDependencies:
    react ">=15.4"

"@myntra/uikit-component-loader@1.13.*":
  version "1.13.96"
  resolved "https://registry.yarnpkg.com/@myntra/uikit-component-loader/-/uikit-component-loader-1.13.96.tgz#7d74a78654e7dfc66d9b01a9d523b107f371e4bb"
  integrity sha512-c9uM0U841gAcNcPApEFAH8N+8l/tE6g28cP/3iKXI7xBnbj3K8D9ggsMn7lv/lUBiqmtHyo7wKwm6guLQuxPeQ==
  dependencies:
    "@myntra/uikit-can-i-use" "1.13.*"
    "@myntra/uikit-utils" "1.13.*"
    uikit-icons "npm:@myntra/uikit-icons@latest"
  optionalDependencies:
    react ">=15.4"

"@myntra/uikit-component-measure@1.13.*":
  version "1.13.96"
  resolved "https://registry.yarnpkg.com/@myntra/uikit-component-measure/-/uikit-component-measure-1.13.96.tgz#fa76d804956d7c7f4bba6fe7dc43d78ec9b2adf1"
  integrity sha512-LFM442qoASAMF49zfPmmq4Ubv9Py6cxRtzrHUS5Z+2dTF5TnFREehXqCs9/YvwYioF1miuqdvn3EV5wjes3IJA==
  dependencies:
    "@myntra/uikit-can-i-use" "1.13.*"
    "@myntra/uikit-utils" "1.13.*"
    prop-types "^15.7.2"
    resize-observer-polyfill "^1.5.1"
    uikit-icons "npm:@myntra/uikit-icons@latest"
  optionalDependencies:
    react ">=15.4"
    react-dom "^16.8.6"

"@myntra/uikit-component-modal@1.13.*":
  version "1.13.96"
  resolved "https://registry.yarnpkg.com/@myntra/uikit-component-modal/-/uikit-component-modal-1.13.96.tgz#6a69e5dae15db7227ba09844a77d1f83a389f9a4"
  integrity sha512-G8CapFKwjNhHqi9q0uNFllNA+TcO0QLAHOTjIbWqkdgpTA31aO4dwtxgNg2CvSsLuAAOWu2mjj3xApqVrUmYzw==
  dependencies:
    "@myntra/uikit-can-i-use" "1.13.*"
    "@myntra/uikit-component-button" "1.13.*"
    "@myntra/uikit-component-portal" "1.13.*"
    "@myntra/uikit-utils" "1.13.*"
    uikit-icons "npm:@myntra/uikit-icons@latest"
  optionalDependencies:
    react ">=15.4"

"@myntra/uikit-component-nav-bar@1.13.*":
  version "1.13.96"
  resolved "https://registry.yarnpkg.com/@myntra/uikit-component-nav-bar/-/uikit-component-nav-bar-1.13.96.tgz#579253ac390d41eda363b746721ae974ce11cd4c"
  integrity sha512-9z6xIbdrgMX9Zmw0Ll6WXMCjV+XCrioEFZSj9tMfLYzOs8w5MSRpaMKwmudQsB683WS3FBHlXe4bRkTC5SqahQ==
  dependencies:
    "@myntra/uikit-can-i-use" "1.13.*"
    "@myntra/uikit-component-avatar" "1.13.*"
    "@myntra/uikit-component-click-away" "1.13.*"
    "@myntra/uikit-component-icon" "1.13.*"
    "@myntra/uikit-context" "1.13.*"
    "@myntra/uikit-utils" "1.13.*"
    uikit-icons "npm:@myntra/uikit-icons@latest"
  optionalDependencies:
    react ">=15.4"

"@myntra/uikit-component-notification@1.13.*":
  version "1.13.96"
  resolved "https://registry.yarnpkg.com/@myntra/uikit-component-notification/-/uikit-component-notification-1.13.96.tgz#1a5886846f31979ea4346e5df776a13ecada9abe"
  integrity sha512-DZgNv8TcE5ERRdAi/krNAggjbUu7Q9vA06bkKRLaubgNCW7KgA5RaPJx+lajcPBs5n8RC/33K8x62yBLabmG/A==
  dependencies:
    "@myntra/uikit-can-i-use" "1.13.*"
    "@myntra/uikit-component-button" "1.13.*"
    "@myntra/uikit-component-section" "1.13.*"
    "@myntra/uikit-utils" "1.13.*"
    uikit-icons "npm:@myntra/uikit-icons@latest"
  optionalDependencies:
    react ">=15.4"

"@myntra/uikit-component-page@1.13.*":
  version "1.13.96"
  resolved "https://registry.yarnpkg.com/@myntra/uikit-component-page/-/uikit-component-page-1.13.96.tgz#071991d6cdcda2a1929f374f1fde8f5aef0b7af0"
  integrity sha512-iVPxqYK4ggYJyVXcxPDkIuYpnXgGLON7aZJTqqh87JEq8FemlyJEcfD9HN4H5VK5ZoZfsVQXZsnrtk/O6DX/yg==
  dependencies:
    "@myntra/uikit-can-i-use" "1.13.*"
    "@myntra/uikit-utils" "1.13.*"
    uikit-icons "npm:@myntra/uikit-icons@latest"
  optionalDependencies:
    react ">=15.4"

"@myntra/uikit-component-pagination@1.13.*":
  version "1.13.96"
  resolved "https://registry.yarnpkg.com/@myntra/uikit-component-pagination/-/uikit-component-pagination-1.13.96.tgz#c26fbf1c252bd52e95fe045a00eb02f6beed0fda"
  integrity sha512-vBn1OMJTTnu8zbfkUnf+5qDSu5T8DuZ/po5sw82gk116lFtmY/s9VMzVGh22OaUR5604y6XYT9054OCvaPxpcA==
  dependencies:
    "@myntra/uikit-can-i-use" "1.13.*"
    "@myntra/uikit-component-icon" "1.13.*"
    "@myntra/uikit-utils" "1.13.*"
    uikit-icons "npm:@myntra/uikit-icons@latest"
  optionalDependencies:
    react ">=15.4"

"@myntra/uikit-component-portal@1.13.*":
  version "1.13.96"
  resolved "https://registry.yarnpkg.com/@myntra/uikit-component-portal/-/uikit-component-portal-1.13.96.tgz#d214793436c8e0222d38dcc2a5875440877e375d"
  integrity sha512-G1OwJ3tDwRXGFtzjXy96+dJfyFjIPO1OOyKBprzE0PaznOVdFbJguOCF8j/0r6MfdDtlkjBIokd74d+6A3W8Sw==
  dependencies:
    "@myntra/uikit-can-i-use" "1.13.*"
    "@myntra/uikit-utils" "1.13.*"
    prop-types "^15.7.2"
    uikit-icons "npm:@myntra/uikit-icons@latest"
  optionalDependencies:
    react ">=15.4"
    react-dom ">=15.4"

"@myntra/uikit-component-progress@1.13.*":
  version "1.13.96"
  resolved "https://registry.yarnpkg.com/@myntra/uikit-component-progress/-/uikit-component-progress-1.13.96.tgz#7b102bb6596294a29f515bc4cec47a0c8050846d"
  integrity sha512-K+Q1BsgRvhAL3iSLj2rvwpqGxgOqwtsOnOMtojML4RITHAdaWDATIDzBCWBh62VwouB0TpXmnV8vMRBJEtpwSQ==
  dependencies:
    "@myntra/uikit-can-i-use" "1.13.*"
    "@myntra/uikit-component-text" "1.13.*"
    "@myntra/uikit-utils" "1.13.*"
    uikit-icons "npm:@myntra/uikit-icons@latest"
  optionalDependencies:
    react ">=15.4"

"@myntra/uikit-component-schema-form@1.13.*":
  version "1.13.96"
  resolved "https://registry.yarnpkg.com/@myntra/uikit-component-schema-form/-/uikit-component-schema-form-1.13.96.tgz#47363286365c59b3a246da033a4a607926c855f3"
  integrity sha512-9/HWdfnseCA9+U1HouQTUp0aIPyCV18XFGW9dWir1nUa+7ofezxqgHsc1Rji4ASI/1EOkZ9rEkHIpOG0BqdrwA==
  dependencies:
    "@myntra/uikit-can-i-use" "1.13.*"
    "@myntra/uikit-component-button" "1.13.*"
    "@myntra/uikit-component-field" "1.13.*"
    "@myntra/uikit-component-form" "1.13.*"
    "@myntra/uikit-component-grid" "1.13.*"
    "@myntra/uikit-utils" "1.13.*"
    uikit-icons "npm:@myntra/uikit-icons@latest"
  optionalDependencies:
    react ">=15.4"

"@myntra/uikit-component-section@1.13.*":
  version "1.13.96"
  resolved "https://registry.yarnpkg.com/@myntra/uikit-component-section/-/uikit-component-section-1.13.96.tgz#ec8b24179d6c9a68c11c4b2a5d4f44c2d333f809"
  integrity sha512-Jy1XPluorcIOanTr3d6hBvM3clZHvuC233pDzADIlDZSMdIJsRGsb+0l/QL0We60luc6jSML+p8fmSBCi5Bqvg==
  dependencies:
    "@myntra/uikit-can-i-use" "1.13.*"
    "@myntra/uikit-component-button" "1.13.*"
    "@myntra/uikit-utils" "1.13.*"
    uikit-icons "npm:@myntra/uikit-icons@latest"
  optionalDependencies:
    react ">=15.4"

"@myntra/uikit-component-stepper@1.13.*":
  version "1.13.96"
  resolved "https://registry.yarnpkg.com/@myntra/uikit-component-stepper/-/uikit-component-stepper-1.13.96.tgz#994e2d64f4fc6410d5c030fdcaf8eb1e7a5f3044"
  integrity sha512-InIV1OFVPnyBTCZjZ2gbYg8bCmuo12Gv4F2CRpfmWdU4TtgpJFfA/h/W6D7+4U7SS5ZwYiVCYk1oxPDNwSKkMA==
  dependencies:
    "@myntra/uikit-can-i-use" "1.13.*"
    "@myntra/uikit-component-icon" "1.13.*"
    "@myntra/uikit-component-layout" "1.13.*"
    "@myntra/uikit-component-text" "1.13.*"
    "@myntra/uikit-utils" "1.13.*"
    prop-types "^15.7.2"
    uikit-icons "npm:@myntra/uikit-icons@latest"
  optionalDependencies:
    react ">=15.4"

"@myntra/uikit-component-table@1.13.*":
  version "1.13.96"
  resolved "https://registry.yarnpkg.com/@myntra/uikit-component-table/-/uikit-component-table-1.13.96.tgz#c09cd8b409ce57bb9fba736fa74250ed65bb203d"
  integrity sha512-7GNMeeOieLwbLkq4CyMxWis/H0qkmWoRlxFEw2HWTKwcRVHWv24dNuvGPiOgZ689ELIsMeihHWxTPAVgGQNZOQ==
  dependencies:
    "@myntra/uikit-can-i-use" "1.13.*"
    "@myntra/uikit-component-button" "1.13.*"
    "@myntra/uikit-component-dropdown" "1.13.*"
    "@myntra/uikit-component-field" "1.13.*"
    "@myntra/uikit-component-icon" "1.13.*"
    "@myntra/uikit-component-input-text" "1.13.*"
    "@myntra/uikit-component-list" "1.13.*"
    "@myntra/uikit-component-measure" "1.13.*"
    "@myntra/uikit-component-virtual-grid" "1.13.*"
    "@myntra/uikit-component-virtual-list" "1.13.*"
    "@myntra/uikit-context" "1.13.*"
    "@myntra/uikit-utils" "1.13.*"
    uikit-icons "npm:@myntra/uikit-icons@latest"
  optionalDependencies:
    react ">=15.4"

"@myntra/uikit-component-tabs@1.13.*":
  version "1.13.96"
  resolved "https://registry.yarnpkg.com/@myntra/uikit-component-tabs/-/uikit-component-tabs-1.13.96.tgz#e06aaebeb41acf058c68e2d49ab0e7f81c296008"
  integrity sha512-1ssGbUhJie8tw3mMWxbezgugpUhK62rueuJi4STq/mGog8Iu8Cb2cBNGoL6jzdLrKTGNUMn86LyQlJubOUd2Bw==
  dependencies:
    "@myntra/uikit-can-i-use" "1.13.*"
    "@myntra/uikit-utils" "1.13.*"
    uikit-icons "npm:@myntra/uikit-icons@latest"
  optionalDependencies:
    react ">=15.4"

"@myntra/uikit-component-text@1.13.*":
  version "1.13.96"
  resolved "https://registry.yarnpkg.com/@myntra/uikit-component-text/-/uikit-component-text-1.13.96.tgz#529a4057c275d457671c4dfe8172eccef62d22ce"
  integrity sha512-RrAQGFvPOknngZ5epuozFhNhcfPY4uUr0CC4QU0Ao8bz09NebTaEUppnb8VEG7PBHS8LMQ4JvrSevX9OruCGSg==
  dependencies:
    "@myntra/uikit-utils" "1.13.*"
    uikit-icons "npm:@myntra/uikit-icons@latest"
  optionalDependencies:
    react ">=15.4"

"@myntra/uikit-component-tooltip@1.13.*":
  version "1.13.96"
  resolved "https://registry.yarnpkg.com/@myntra/uikit-component-tooltip/-/uikit-component-tooltip-1.13.96.tgz#f72af14934d6f2ba7e72a41f2b6ab6e331a370e5"
  integrity sha512-Hfplcaw2M1fIvJQvCKlkwzy92kf2lfLEaBdJuMklrsDZvxjWoj7YZt6vTG0bo3TUFpOlm5KBxp/DVVmcmPCBWQ==
  dependencies:
    "@myntra/uikit-can-i-use" "1.13.*"
    "@myntra/uikit-component-dropdown" "1.13.*"
    "@myntra/uikit-utils" "1.13.*"
    uikit-icons "npm:@myntra/uikit-icons@latest"
  optionalDependencies:
    react ">=15.4"

"@myntra/uikit-component-top-bar@1.13.*":
  version "1.13.96"
  resolved "https://registry.yarnpkg.com/@myntra/uikit-component-top-bar/-/uikit-component-top-bar-1.13.96.tgz#fb5877096cd531530f47fc4ba6b196089a4229c7"
  integrity sha512-tBUQPOmFFR0d5NJH/AQwKV+AhrMBSLI+xOFj7qo/AU394U9xMLo/V7b+E18YD2MXzlzmvGfFtFv2vjkrLDmKZQ==
  dependencies:
    "@myntra/uikit-can-i-use" "1.13.*"
    "@myntra/uikit-component-bread-crumb" "1.13.*"
    "@myntra/uikit-component-dropdown" "1.13.*"
    "@myntra/uikit-component-icon" "1.13.*"
    "@myntra/uikit-component-list" "1.13.*"
    "@myntra/uikit-utils" "1.13.*"
    uikit-icons "npm:@myntra/uikit-icons@latest"
  optionalDependencies:
    react ">=15.4"

"@myntra/uikit-component-virtual-grid@1.13.*":
  version "1.13.96"
  resolved "https://registry.yarnpkg.com/@myntra/uikit-component-virtual-grid/-/uikit-component-virtual-grid-1.13.96.tgz#22e82cfbeca1cae64cbb7f8d6f90c3bd3e557e4e"
  integrity sha512-uQWS3+6+PfpNuGjc0eQjkJI9LGYsQkEyC5xmxGQ6jDaU+Yw6VL8ZGNNspWktIoo9PjJgF2SIY2CjtNfKDOAYew==
  dependencies:
    "@myntra/uikit-can-i-use" "1.13.*"
    "@myntra/uikit-component-virtual-list" "1.13.*"
    "@myntra/uikit-utils" "1.13.*"
    uikit-icons "npm:@myntra/uikit-icons@latest"
  optionalDependencies:
    react ">=15.4"

"@myntra/uikit-component-virtual-list@1.13.*":
  version "1.13.96"
  resolved "https://registry.yarnpkg.com/@myntra/uikit-component-virtual-list/-/uikit-component-virtual-list-1.13.96.tgz#1aaa8d2c2107b132d5b4b21f797ab84ab5ad0e75"
  integrity sha512-x4/0Y1MBfhrdVEtAnJgwMPO/GpiPzg6O6hZz9dIW6Lu/fHxPse3oCXHqQvR9crrUWdnKFYqoVf3GE4r0UNGYqQ==
  dependencies:
    "@myntra/uikit-can-i-use" "1.13.*"
    "@myntra/uikit-component-measure" "1.13.*"
    "@myntra/uikit-utils" "1.13.*"
    uikit-icons "npm:@myntra/uikit-icons@latest"
  optionalDependencies:
    react ">=15.4"
    react-dom ">=16.0"

"@myntra/uikit-context@1.13.*":
  version "1.13.96"
  resolved "https://registry.yarnpkg.com/@myntra/uikit-context/-/uikit-context-1.13.96.tgz#4d02d7efac42f661b33e97f7c453d5f5fba09cf6"
  integrity sha512-yQ4IykzgX033sK/EFnDxX6xZ7R35VSzH5R7jviLk4WwsnlixJwxDP79ruOmBsTO0waHJiJllK8E4uMKSjs/eiA==
  dependencies:
    "@myntra/uikit-can-i-use" "1.13.*"
    react "^16.8.4"

"@myntra/uikit-utils@1.13.*":
  version "1.13.96"
  resolved "https://registry.yarnpkg.com/@myntra/uikit-utils/-/uikit-utils-1.13.96.tgz#d8bafb6fc9070796616e7a6417d11d94923b1a69"
  integrity sha512-Cg7S9FdpSKoVQvqF/f7bJfm0xTLn+SqCyg70oJsMxML0ASzEbEeM2En0MLPkb6CptvnGf6JiDnPao8b8oI6xTg==
  optionalDependencies:
    react "^16.0.0"

accoutrement@^2.1.2:
  version "2.2.0"
  resolved "https://registry.yarnpkg.com/accoutrement/-/accoutrement-2.2.0.tgz#a70a0253aa9f26d091f5d39e6c22edff1e8e013d"
  integrity sha512-aY6D3v2ZXIs3AsyIy9en80Dpv89jCkGeG9ILhRO2q6lpPNfgmldYgOO5UcdQlQm14n3Tf4IrNIz4Ijz0A8bYlw==

ansicolors@~0.2.1:
  version "0.2.1"
  resolved "https://registry.yarnpkg.com/ansicolors/-/ansicolors-0.2.1.tgz#be089599097b74a5c9c4a84a0cdbcdb62bd87aef"
  integrity sha1-vgiVmQl7dKXJxKhKDNvNtivYeu8=

anymatch@~3.1.2:
  version "3.1.2"
  resolved "https://registry.yarnpkg.com/anymatch/-/anymatch-3.1.2.tgz#c0557c096af32f106198f4f4e2a383537e378716"
  integrity sha512-P43ePfOAIupkguHUycrc4qJ9kz8ZiuOUijaETwX7THt0Y/GNK7v0aa8rY816xWjZ7rJdA5XdMcpVFTKMq+RvWg==
  dependencies:
    normalize-path "^3.0.0"
    picomatch "^2.0.4"

async@^2.6.0:
  version "2.6.4"
  resolved "https://registry.yarnpkg.com/async/-/async-2.6.4.tgz#706b7ff6084664cd7eae713f6f965433b5504221"
  integrity sha512-mzo5dfJYwAn29PeiJ0zvwTo04zj8HDJj0Mn8TD7sno7q12prdbnasKJHhkm2c1LgrhlJ0teaea8860oxi51mGA==
  dependencies:
    lodash "^4.17.14"

binary-extensions@^2.0.0:
  version "2.2.0"
  resolved "https://registry.yarnpkg.com/binary-extensions/-/binary-extensions-2.2.0.tgz#75f502eeaf9ffde42fc98829645be4ea76bd9e2d"
  integrity sha512-jDctJ/IVQbZoJykoeHbhXpOlNBqGNcwXJKJog42E5HDPUwQTSdjCHdihjj0DlnheQ7blbT6dHOafNAiS8ooQKA==

braces@~3.0.2:
  version "3.0.2"
  resolved "https://registry.yarnpkg.com/braces/-/braces-3.0.2.tgz#3454e1a462ee8d599e236df336cd9ea4f8afe107"
  integrity sha512-b8um+L1RzM3WDSzvhm6gIz1yfTbBt6YTlcEKAvsmqCZZFw46z626lVj9j1yEPW33H5H+lBQpZMP1k8l+78Ha0A==
  dependencies:
    fill-range "^7.0.1"

cardinal@^1.0.0:
  version "1.0.0"
  resolved "https://registry.yarnpkg.com/cardinal/-/cardinal-1.0.0.tgz#50e21c1b0aa37729f9377def196b5a9cec932ee9"
  integrity sha1-UOIcGwqjdyn5N33vGWtanOyTLuk=
  dependencies:
    ansicolors "~0.2.1"
    redeyed "~1.0.0"

"chokidar@>=3.0.0 <4.0.0":
  version "3.5.3"
  resolved "https://registry.yarnpkg.com/chokidar/-/chokidar-3.5.3.tgz#1cf37c8707b932bd1af1ae22c0432e2acd1903bd"
  integrity sha512-Dr3sfKRP6oTcjf2JmUmFJfeVMvXBdegxB0iVQ5eb2V10uFJUCAS8OByZdVAyVb8xXNz3GjjTgj9kLWsZTqE6kw==
  dependencies:
    anymatch "~3.1.2"
    braces "~3.0.2"
    glob-parent "~5.1.2"
    is-binary-path "~2.1.0"
    is-glob "~4.0.1"
    normalize-path "~3.0.0"
    readdirp "~3.6.0"
  optionalDependencies:
    fsevents "~2.3.2"

compute-scroll-into-view@^1.0.17:
  version "1.0.17"
  resolved "https://registry.yarnpkg.com/compute-scroll-into-view/-/compute-scroll-into-view-1.0.17.tgz#6a88f18acd9d42e9cf4baa6bec7e0522607ab7ab"
  integrity sha512-j4dx+Fb0URmzbwwMUrhqWM2BEWHdFGx+qZ9qqASHRPqvTYdqvWnHg0H1hIbcyLnvgnoNAVMlwkepyqM3DaIFUg==

csv-parse@^4.6.5:
  version "4.16.3"
  resolved "https://registry.yarnpkg.com/csv-parse/-/csv-parse-4.16.3.tgz#7ca624d517212ebc520a36873c3478fa66efbaf7"
  integrity sha512-cO1I/zmz4w2dcKHVvpCr7JVRu8/FymG5OEpmvsZYlccYolPBLoVGKUHgNoc4ZGkFeFlWGEDmMyBM+TTqRdW/wg==

date-fns@^2.0.0-alpha.27:
  version "2.29.3"
  resolved "https://registry.yarnpkg.com/date-fns/-/date-fns-2.29.3.tgz#27402d2fc67eb442b511b70bbdf98e6411cd68a8"
  integrity sha512-dDCnyH2WnnKusqvZZ6+jA1O51Ibt8ZMRNkDZdyAyK4YfbDwa/cEmuztzG5pk6hqlp9aSBPYcjOlktquahGwGeA==

dayjs@^1.8.14:
  version "1.11.6"
  resolved "https://registry.yarnpkg.com/dayjs/-/dayjs-1.11.6.tgz#2e79a226314ec3ec904e3ee1dd5a4f5e5b1c7afb"
  integrity sha512-zZbY5giJAinCG+7AGaw0wIhNZ6J8AhWuSXKvuc1KAyMiRsvGQWqh4L+MomvhdAYjN+lqvVCMq1I41e3YHvXkyQ==

esprima@~3.0.0:
  version "3.0.0"
  resolved "https://registry.yarnpkg.com/esprima/-/esprima-3.0.0.tgz#53cf247acda77313e551c3aa2e73342d3fb4f7d9"
  integrity sha1-U88kes2ncxPlUcOqLnM0LT+099k=

fill-range@^7.0.1:
  version "7.0.1"
  resolved "https://registry.yarnpkg.com/fill-range/-/fill-range-7.0.1.tgz#1919a6a7c75fe38b2c7c77e5198535da9acdda40"
  integrity sha512-qOo9F+dMUmC2Lcb4BbVvnKJxTPjCm+RRpe4gDuGrzkL7mEVl/djYSu2OdQ2Pa302N4oqkSg9ir6jaLWJ2USVpQ==
  dependencies:
    to-regex-range "^5.0.1"

fsevents@~2.3.2:
  version "2.3.2"
  resolved "https://registry.yarnpkg.com/fsevents/-/fsevents-2.3.2.tgz#8a526f78b8fdf4623b709e0b975c52c24c02fd1a"
  integrity sha512-xiqMQR4xAeHTuB9uWm+fFRcIOgKBMiOBP+eXiyT7jsgVCq1bkVygt00oASowB7EdtpOHaaPgKt812P9ab+DDKA==

glob-parent@~5.1.2:
  version "5.1.2"
  resolved "https://registry.yarnpkg.com/glob-parent/-/glob-parent-5.1.2.tgz#869832c58034fe68a4093c17dc15e8340d8401c4"
  integrity sha512-AOIgSQCepiJYwP3ARnGx+5VnTu2HBYdzbGP45eLw1vr3zB3vZLeyed1sC9hnbcOc9/SrMyM5RPQrkGz4aS9Zow==
  dependencies:
    is-glob "^4.0.1"

humanize@^0.0.9:
  version "0.0.9"
  resolved "https://registry.yarnpkg.com/humanize/-/humanize-0.0.9.tgz#1994ffaecdfe9c441ed2bdac7452b7bb4c9e41a4"
  integrity sha1-GZT/rs3+nEQe0r2sdFK3u0yeQaQ=

immutable@^4.0.0:
  version "4.1.0"
  resolved "https://registry.yarnpkg.com/immutable/-/immutable-4.1.0.tgz#f795787f0db780183307b9eb2091fcac1f6fafef"
  integrity sha512-oNkuqVTA8jqG1Q6c+UglTOD1xhC1BtjKI7XkCXRkZHrN5m18/XsnUp8Q89GkQO/z+0WjonSvl0FLhDYftp46nQ==

intersection-observer-polyfill@^0.1.0:
  version "0.1.0"
  resolved "https://registry.yarnpkg.com/intersection-observer-polyfill/-/intersection-observer-polyfill-0.1.0.tgz#f9ef8e5a6f3e0e8173d0c0fdb563e47a9dda233c"
  integrity sha1-+e+OWm8+DoFz0MD9tWPkep3aIzw=

is-binary-path@~2.1.0:
  version "2.1.0"
  resolved "https://registry.yarnpkg.com/is-binary-path/-/is-binary-path-2.1.0.tgz#ea1f7f3b80f064236e83470f86c09c254fb45b09"
  integrity sha512-ZMERYes6pDydyuGidse7OsHxtbI7WVeUEozgR/g7rd0xUimYNlvZRE/K2MgZTjWy725IfelLeVcEM97mmtRGXw==
  dependencies:
    binary-extensions "^2.0.0"

is-extglob@^2.1.1:
  version "2.1.1"
  resolved "https://registry.yarnpkg.com/is-extglob/-/is-extglob-2.1.1.tgz#a88c02535791f02ed37c76a1b9ea9773c833f8c2"
  integrity sha1-qIwCU1eR8C7TfHahueqXc8gz+MI=

is-glob@^4.0.1, is-glob@~4.0.1:
  version "4.0.3"
  resolved "https://registry.yarnpkg.com/is-glob/-/is-glob-4.0.3.tgz#64f61e42cbbb2eec2071a9dac0b28ba1e65d5084"
  integrity sha512-xelSayHH36ZgE7ZWhli7pW34hNbNl8Ojv5KVmkJD4hBdD3th8Tfk9vYasLM+mXWOZhFkgZfxhLSnrwRr4elSSg==
  dependencies:
    is-extglob "^2.1.1"

is-number@^7.0.0:
  version "7.0.0"
  resolved "https://registry.yarnpkg.com/is-number/-/is-number-7.0.0.tgz#7535345b896734d5f80c4d06c50955527a14f12b"
  integrity sha512-41Cifkg6e8TylSpdtTpeLVMqvSBEVzTttHvERD741+pnZ8ANv0004MRL43QKPDlK9cGvNp6NZWZUBlbGXYxxng==

"js-tokens@^3.0.0 || ^4.0.0":
  version "4.0.0"
  resolved "https://registry.yarnpkg.com/js-tokens/-/js-tokens-4.0.0.tgz#19203fb59991df98e3a287050d4647cdeaf32499"
  integrity sha512-RdJUflcE3cUzKiMqQgsCu06FPu9UdIJO0beYbPhHN4k6apgJtifcoCtT9bcxOpYBtpD2kCM6Sbzg4CausW/PKQ==

kleur@3.0.3:
  version "3.0.3"
  resolved "https://registry.yarnpkg.com/kleur/-/kleur-3.0.3.tgz#a79c9ecc86ee1ce3fa6206d1216c501f147fc07e"
  integrity sha512-eTIzlVOSUR+JxdDFepEYcBMtZ9Qqdef+rnzWdRZuMbOywu5tO2w2N7rqjoANZ5k9vywhL6Br1VRjUIgTQx4E8w==

lodash@^4.17.14:
  version "4.17.21"
  resolved "https://registry.yarnpkg.com/lodash/-/lodash-4.17.21.tgz#679591c564c3bffaae8454cf0b3df370c3d6911c"
  integrity sha512-v2kDEe57lecTulaDIuNTPy3Ry4gLGJ6Z1O3vE1krgXZNrsQ+LFTGHVxVjcXPs17LhbZVGedAJv8XZ1tvj5FvSg==

loose-envify@^1.1.0, loose-envify@^1.4.0:
  version "1.4.0"
  resolved "https://registry.yarnpkg.com/loose-envify/-/loose-envify-1.4.0.tgz#71ee51fa7be4caec1a63839f7e682d8132d30caf"
  integrity sha512-lyuxPGr/Wfhrlem2CL/UcnUc1zcqKAImBDzukY7Y5F/yQiNdko6+fRLevlw1HgMySw7f611UIY408EtxRSoK3Q==
  dependencies:
    js-tokens "^3.0.0 || ^4.0.0"

luxon@^1.21.1:
  version "1.28.0"
  resolved "https://registry.yarnpkg.com/luxon/-/luxon-1.28.0.tgz#e7f96daad3938c06a62de0fb027115d251251fbf"
  integrity sha512-TfTiyvZhwBYM/7QdAVDh+7dBTBA29v4ik0Ce9zda3Mnf8on1S5KJI8P2jKFZ8+5C0jhmr0KwJEO/Wdpm0VeWJQ==

minimist@~0.0.1:
  version "0.0.10"
  resolved "https://registry.yarnpkg.com/minimist/-/minimist-0.0.10.tgz#de3f98543dbf96082be48ad1a0c7cda836301dcf"
  integrity sha1-3j+YVD2/lggr5IrRoMfNqDYwHc8=

name-initials@^0.1.3:
  version "0.1.3"
  resolved "https://registry.yarnpkg.com/name-initials/-/name-initials-0.1.3.tgz#b9af9d8d551068b1c147c50458477f47c1217776"
  integrity sha1-ua+djVUQaLHBR8UEWEd/R8Ehd3Y=

normalize-path@^3.0.0, normalize-path@~3.0.0:
  version "3.0.0"
  resolved "https://registry.yarnpkg.com/normalize-path/-/normalize-path-3.0.0.tgz#0dcd69ff23a1c9b11fd0978316644a0388216a65"
  integrity sha512-6eZs5Ls3WtCisHWp9S2GUy8dqkpGi4BVSz3GaqiE6ezub0512ESztXUwUB6C6IKbQkY2Pnb/mD4WYojCRwcwLA==

normalize.css@^8.0.1:
  version "8.0.1"
  resolved "https://registry.yarnpkg.com/normalize.css/-/normalize.css-8.0.1.tgz#9b98a208738b9cc2634caacbc42d131c97487bf3"
  integrity sha512-qizSNPO93t1YUuUhP22btGOo3chcvDFqFaj2TRybP0DMxkHOCTYwp3n34fel4a31ORXy4m1Xq0Gyqpb5m33qIg==

object-assign@^4.1.1:
  version "4.1.1"
  resolved "https://registry.yarnpkg.com/object-assign/-/object-assign-4.1.1.tgz#2109adc7965887cfc05cbbd442cac8bfbb360863"
  integrity sha1-IQmtx5ZYh8/AXLvUQsrIv7s2CGM=

optimist@^0.6.1:
  version "0.6.1"
  resolved "https://registry.yarnpkg.com/optimist/-/optimist-0.6.1.tgz#da3ea74686fa21a19a111c326e90eb15a0196686"
  integrity sha1-2j6nRob6IaGaERwybpDrFaAZZoY=
  dependencies:
    minimist "~0.0.1"
    wordwrap "~0.0.2"

picomatch@^2.0.4, picomatch@^2.2.1:
  version "2.3.1"
  resolved "https://registry.yarnpkg.com/picomatch/-/picomatch-2.3.1.tgz#3ba3833733646d9d3e4995946c1365a67fb07a42"
  integrity sha512-JU3teHTNjmE2VCGFzuY8EXzCDVwEqB2a8fsIvwaStHhAWJEeVd1o1QD80CU6+ZdEXXSLbSsuLwJjkCBWqRQUVA==

print-message@^3.0.1:
  version "3.0.1"
  resolved "https://registry.yarnpkg.com/print-message/-/print-message-3.0.1.tgz#f2331a13df235e275725ddd34eb61988868a73cd"
  integrity sha512-wsvsI08pLCPL+lHURVmlZ2KjXN/rLKNyeKN/r3FkXAX6ZByE8Fv8ZmvkQFqpdPdyfCPty3PzznrDda+E8DvN8Q==
  dependencies:
    kleur "3.0.3"

prop-types@^15.6.2, prop-types@^15.7.2:
  version "15.8.1"
  resolved "https://registry.yarnpkg.com/prop-types/-/prop-types-15.8.1.tgz#67d87bf1a694f48435cf332c24af10214a3140b5"
  integrity sha512-oj87CgZICdulUohogVAR7AjlC0327U4el4L6eAvOqCeudMDVU0NThNaV+b9Df4dXgSP1gXMTnPdhfe/2qDH5cg==
  dependencies:
    loose-envify "^1.4.0"
    object-assign "^4.1.1"
    react-is "^16.13.1"

react-dom@>=15.4, react-dom@>=16.0:
  version "18.2.0"
  resolved "https://registry.yarnpkg.com/react-dom/-/react-dom-18.2.0.tgz#22aaf38708db2674ed9ada224ca4aa708d821e3d"
  integrity sha512-6IMTriUmvsjHUjNtEDudZfuDQUoWXVxKHhlEGSk81n4YFS+r/Kl99wXiwlVXtPBtJenozv2P+hxDsw9eA7Xo6g==
  dependencies:
    loose-envify "^1.1.0"
    scheduler "^0.23.0"

react-dom@^16.8.4, react-dom@^16.8.6:
  version "16.14.0"
  resolved "https://registry.yarnpkg.com/react-dom/-/react-dom-16.14.0.tgz#7ad838ec29a777fb3c75c3a190f661cf92ab8b89"
  integrity sha512-1gCeQXDLoIqMgqD3IO2Ah9bnf0w9kzhwN5q4FGnHZ67hBm9yePzB5JJAIQCc8x3pFnNlwFq4RidZggNAAkzWWw==
  dependencies:
    loose-envify "^1.1.0"
    object-assign "^4.1.1"
    prop-types "^15.6.2"
    scheduler "^0.19.1"

react-is@^16.13.1:
  version "16.13.1"
  resolved "https://registry.yarnpkg.com/react-is/-/react-is-16.13.1.tgz#789729a4dc36de2999dc156dd6c1d9c18cea56a4"
  integrity sha512-24e6ynE2H+OKt4kqsOvNd8kBpV65zoxbA4BVsEOB3ARVWQki/DHzaUoC5KuON/BiccDaCCTZBuOcfZs70kR8bQ==

react@>=15.4:
  version "18.2.0"
  resolved "https://registry.yarnpkg.com/react/-/react-18.2.0.tgz#555bd98592883255fa00de14f1151a917b5d77d5"
  integrity sha512-/3IjMdb2L9QbBdWiW5e3P2/npwMBaU9mHCSCUzNln0ZCYbcfTsGbTJrU/kGemdH2IWmB2ioZ+zkxtmq6g09fGQ==
  dependencies:
    loose-envify "^1.1.0"

react@^16.0.0, react@^16.8.4:
  version "16.14.0"
  resolved "https://registry.yarnpkg.com/react/-/react-16.14.0.tgz#94d776ddd0aaa37da3eda8fc5b6b18a4c9a3114d"
  integrity sha512-0X2CImDkJGApiAlcf0ODKIneSwBPhqJawOa5wCtKbu7ZECrmS26NvtSILynQ66cgkT/RJ4LidJOc3bUESwmU8g==
  dependencies:
    loose-envify "^1.1.0"
    object-assign "^4.1.1"
    prop-types "^15.6.2"

readdirp@~3.6.0:
  version "3.6.0"
  resolved "https://registry.yarnpkg.com/readdirp/-/readdirp-3.6.0.tgz#74a370bd857116e245b29cc97340cd431a02a6c7"
  integrity sha512-hOS089on8RduqdbhvQ5Z37A0ESjsqz6qnRcffsMU3495FuTdqSm+7bhJ29JvIOsBDEEnan5DPu9t3To9VRlMzA==
  dependencies:
    picomatch "^2.2.1"

redeyed@~1.0.0:
  version "1.0.1"
  resolved "https://registry.yarnpkg.com/redeyed/-/redeyed-1.0.1.tgz#e96c193b40c0816b00aec842698e61185e55498a"
  integrity sha1-6WwZO0DAgWsArshCaY5hGF5VSYo=
  dependencies:
    esprima "~3.0.0"

resize-observer-polyfill@^1.5.1:
  version "1.5.1"
  resolved "https://registry.yarnpkg.com/resize-observer-polyfill/-/resize-observer-polyfill-1.5.1.tgz#0e9020dd3d21024458d4ebd27e23e40269810464"
  integrity sha512-LwZrotdHOo12nQuZlHEmtuXdqGoOD0OhaxopaNFxWzInpEgaLWoVuAMbTzixuosCx2nEG58ngzW3vxdWoxIgdg==

sass@^1.26.5:
  version "1.56.0"
  resolved "https://registry.yarnpkg.com/sass/-/sass-1.56.0.tgz#134032075a3223c8d49cb5c35e091e5ba1de8e0a"
  integrity sha512-WFJ9XrpkcnqZcYuLRJh5qiV6ibQOR4AezleeEjTjMsCocYW59dEG19U3fwTTXxzi2Ed3yjPBp727hbbj53pHFw==
  dependencies:
    chokidar ">=3.0.0 <4.0.0"
    immutable "^4.0.0"
    source-map-js ">=0.6.2 <2.0.0"

scheduler@^0.19.1:
  version "0.19.1"
  resolved "https://registry.yarnpkg.com/scheduler/-/scheduler-0.19.1.tgz#4f3e2ed2c1a7d65681f4c854fa8c5a1ccb40f196"
  integrity sha512-n/zwRWRYSUj0/3g/otKDRPMh6qv2SYMWNq85IEa8iZyAv8od9zDYpGSnpBEjNgcMNq6Scbu5KfIPxNF72R/2EA==
  dependencies:
    loose-envify "^1.1.0"
    object-assign "^4.1.1"

scheduler@^0.23.0:
  version "0.23.0"
  resolved "https://registry.yarnpkg.com/scheduler/-/scheduler-0.23.0.tgz#ba8041afc3d30eb206a487b6b384002e4e61fdfe"
  integrity sha512-CtuThmgHNg7zIZWAXi3AsyIzA3n4xx7aNyjwC2VJldO2LMVDhFK+63xGqq6CsJH4rTAt6/M+N4GhZiDYPx9eUw==
  dependencies:
    loose-envify "^1.1.0"

scroll-into-view-if-needed@^2.2.20:
  version "2.2.29"
  resolved "https://registry.yarnpkg.com/scroll-into-view-if-needed/-/scroll-into-view-if-needed-2.2.29.tgz#551791a84b7e2287706511f8c68161e4990ab885"
  integrity sha512-hxpAR6AN+Gh53AdAimHM6C8oTN1ppwVZITihix+WqalywBeFcQ6LdQP5ABNl26nX8GTEL7VT+b8lKpdqq65wXg==
  dependencies:
    compute-scroll-into-view "^1.0.17"

sifter@^0.5.3:
  version "0.5.4"
  resolved "https://registry.yarnpkg.com/sifter/-/sifter-0.5.4.tgz#3cb9e514889edfc887d8d87a355841b01ebdd1ab"
  integrity sha512-t2yxTi/MM/ESup7XH5oMu8PUcttlekt269RqxARgnvS+7D/oP6RyA1x3M/5w8dG9OgkOyQ8hNRWelQ8Rj4TAQQ==
  dependencies:
    async "^2.6.0"
    cardinal "^1.0.0"
    csv-parse "^4.6.5"
    humanize "^0.0.9"
    optimist "^0.6.1"

"source-map-js@>=0.6.2 <2.0.0":
  version "1.0.2"
  resolved "https://registry.yarnpkg.com/source-map-js/-/source-map-js-1.0.2.tgz#adbc361d9c62df380125e7f161f71c826f1e490c"
  integrity sha512-R0XvVJ9WusLiqTCEiGCmICCMplcCkIwwR11mOSD9CR5u+IXYdiseeEuXCVAjS54zqwkLcPNnmU4OeJ6tUrWhDw==

to-regex-range@^5.0.1:
  version "5.0.1"
  resolved "https://registry.yarnpkg.com/to-regex-range/-/to-regex-range-5.0.1.tgz#1648c44aae7c8d988a326018ed72f5b4dd0392e4"
  integrity sha512-65P7iz6X5yEr1cwcgvQxbbIw7Uk3gOy5dIdtZ4rDveLqhrdJP+Li/Hx6tyK0NEb+2GCyneCMJiGqrADCSNk8sQ==
  dependencies:
    is-number "^7.0.0"

"uikit-icons@npm:@myntra/uikit-icons@^1.0.9", "uikit-icons@npm:@myntra/uikit-icons@latest":
  version "1.0.37"
  resolved "https://registry.yarnpkg.com/@myntra/uikit-icons/-/uikit-icons-1.0.37.tgz#b3c972d9f153cd1d8c700f9c04c83f061d1fc571"
  integrity sha512-NaPFATvEjABd5zHC54G7lKquAFSxYP22AnfbwWoz4Npzv5WN5QwAr1d5grbMDIKjA2Sdqxi2K8g2XZR3X93W1g==
  optionalDependencies:
    react ">=15.4"

wordwrap@~0.0.2:
  version "0.0.3"
  resolved "https://registry.yarnpkg.com/wordwrap/-/wordwrap-0.0.3.tgz#a3d5da6cd5c0bc0008d37234bbaf1bed63059107"
  integrity sha1-o9XabNXAvAAI03I0u68b7WMFkQc=
